// !$*UTF8*$!
{
	archiveVersion = 1;
	classes = {
	};
	objectVersion = 50;
	objects = {

/* Begin PBXBuildFile section */
		AD5801A523AB60C900593430 /* AppDelegate.swift in Sources */ = {isa = PBXBuildFile; fileRef = AD5801A423AB60C900593430 /* AppDelegate.swift */; };
		AD5801A723AB60C900593430 /* SceneDelegate.swift in Sources */ = {isa = PBXBuildFile; fileRef = AD5801A623AB60C900593430 /* SceneDelegate.swift */; };
		AD5801A923AB60C900593430 /* TableViewCustomCell.swift in Sources */ = {isa = PBXBuildFile; fileRef = AD5801A823AB60C900593430 /* TableViewCustomCell.swift */; };
		AD5801AC23AB60C900593430 /* Main.storyboard in Resources */ = {isa = PBXBuildFile; fileRef = AD5801AA23AB60C900593430 /* Main.storyboard */; };
		AD5801AE23AB60CB00593430 /* Assets.xcassets in Resources */ = {isa = PBXBuildFile; fileRef = AD5801AD23AB60CB00593430 /* Assets.xcassets */; };
		AD5801B123AB60CB00593430 /* LaunchScreen.storyboard in Resources */ = {isa = PBXBuildFile; fileRef = AD5801AF23AB60CB00593430 /* LaunchScreen.storyboard */; };
		ADB1A5C823AB66550056D9BD /* CustomCell.swift in Sources */ = {isa = PBXBuildFile; fileRef = ADB1A5C723AB66550056D9BD /* CustomCell.swift */; };
/* End PBXBuildFile section */

/* Begin PBXFileReference section */
		AD5801A123AB60C900593430 /* 191219_CustomViewCell.app */ = {isa = PBXFileReference; explicitFileType = wrapper.application; includeInIndex = 0; path = 191219_CustomViewCell.app; sourceTree = BUILT_PRODUCTS_DIR; };
		AD5801A423AB60C900593430 /* AppDelegate.swift */ = {isa = PBXFileReference; lastKnownFileType = sourcecode.swift; path = AppDelegate.swift; sourceTree = "<group>"; };
		AD5801A623AB60C900593430 /* SceneDelegate.swift */ = {isa = PBXFileReference; lastKnownFileType = sourcecode.swift; path = SceneDelegate.swift; sourceTree = "<group>"; };
		AD5801A823AB60C900593430 /* TableViewCustomCell.swift */ = {isa = PBXFileReference; lastKnownFileType = sourcecode.swift; path = TableViewCustomCell.swift; sourceTree = "<group>"; };
		AD5801AB23AB60C900593430 /* Base */ = {isa = PBXFileReference; lastKnownFileType = file.storyboard; name = Base; path = Base.lproj/Main.storyboard; sourceTree = "<group>"; };
		AD5801AD23AB60CB00593430 /* Assets.xcassets */ = {isa = PBXFileReference; lastKnownFileType = folder.assetcatalog; path = Assets.xcassets; sourceTree = "<group>"; };
		AD5801B023AB60CB00593430 /* Base */ = {isa = PBXFileReference; lastKnownFileType = file.storyboard; name = Base; path = Base.lproj/LaunchScreen.storyboard; sourceTree = "<group>"; };
		AD5801B223AB60CB00593430 /* Info.plist */ = {isa = PBXFileReference; lastKnownFileType = text.plist.xml; path = Info.plist; sourceTree = "<group>"; };
		ADB1A5C723AB66550056D9BD /* CustomCell.swift */ = {isa = PBXFileReference; lastKnownFileType = sourcecode.swift; path = CustomCell.swift; sourceTree = "<group>"; };
/* End PBXFileReference section */

/* Begin PBXFrameworksBuildPhase section */
		AD58019E23AB60C900593430 /* Frameworks */ = {
			isa = PBXFrameworksBuildPhase;
			buildActionMask = 2147483647;
			files = (
			);
			runOnlyForDeploymentPostprocessing = 0;
		};
/* End PBXFrameworksBuildPhase section */

/* Begin PBXGroup section */
		AD58019823AB60C900593430 = {
			isa = PBXGroup;
			children = (
				AD5801A323AB60C900593430 /* 191219_CustomViewCell */,
				AD5801A223AB60C900593430 /* Products */,
			);
			sourceTree = "<group>";
		};
		AD5801A223AB60C900593430 /* Products */ = {
			isa = PBXGroup;
			children = (
				AD5801A123AB60C900593430 /* 191219_CustomViewCell.app */,
			);
			name = Products;
			sourceTree = "<group>";
		};
		AD5801A323AB60C900593430 /* 191219_CustomViewCell */ = {
			isa = PBXGroup;
			children = (
				AD5801A423AB60C900593430 /* AppDelegate.swift */,
				AD5801A623AB60C900593430 /* SceneDelegate.swift */,
				AD5801A823AB60C900593430 /* TableViewCustomCell.swift */,
				ADB1A5C723AB66550056D9BD /* CustomCell.swift */,
				AD5801AA23AB60C900593430 /* Main.storyboard */,
				AD5801AD23AB60CB00593430 /* Assets.xcassets */,
				AD5801AF23AB60CB00593430 /* LaunchScreen.storyboard */,
				AD5801B223AB60CB00593430 /* Info.plist */,
			);
			path = 191219_CustomViewCell;
			sourceTree = "<group>";
		};
/* End PBXGroup section */

/* Begin PBXNativeTarget section */
		AD5801A023AB60C900593430 /* 191219_CustomViewCell */ = {
			isa = PBXNativeTarget;
			buildConfigurationList = AD5801B523AB60CB00593430 /* Build configuration list for PBXNativeTarget "191219_CustomViewCell" */;
			buildPhases = (
				AD58019D23AB60C900593430 /* Sources */,
				AD58019E23AB60C900593430 /* Frameworks */,
				AD58019F23AB60C900593430 /* Resources */,
			);
			buildRules = (
			);
			dependencies = (
			);
			name = 191219_CustomViewCell;
			productName = 191219_CustomViewCell;
			productReference = AD5801A123AB60C900593430 /* 191219_CustomViewCell.app */;
			productType = "com.apple.product-type.application";
		};
/* End PBXNativeTarget section */

/* Begin PBXProject section */
		AD58019923AB60C900593430 /* Project object */ = {
			isa = PBXProject;
			attributes = {
				LastSwiftUpdateCheck = 1130;
				LastUpgradeCheck = 1130;
				ORGANIZATIONNAME = Demian;
				TargetAttributes = {
					AD5801A023AB60C900593430 = {
						CreatedOnToolsVersion = 11.3;
					};
				};
			};
			buildConfigurationList = AD58019C23AB60C900593430 /* Build configuration list for PBXProject "191219_CustomViewCell" */;
			compatibilityVersion = "Xcode 9.3";
			developmentRegion = en;
			hasScannedForEncodings = 0;
			knownRegions = (
				en,
				Base,
			);
			mainGroup = AD58019823AB60C900593430;
			productRefGroup = AD5801A223AB60C900593430 /* Products */;
			projectDirPath = "";
			projectRoot = "";
			targets = (
				AD5801A023AB60C900593430 /* 191219_CustomViewCell */,
			);
		};
/* End PBXProject section */

/* Begin PBXResourcesBuildPhase section */
		AD58019F23AB60C900593430 /* Resources */ = {
			isa = PBXResourcesBuildPhase;
			buildActionMask = 2147483647;
			files = (
				AD5801B123AB60CB00593430 /* LaunchScreen.storyboard in Resources */,
				AD5801AE23AB60CB00593430 /* Assets.xcassets in Resources */,
				AD5801AC23AB60C900593430 /* Main.storyboard in Resources */,
			);
			runOnlyForDeploymentPostprocessing = 0;
		};
/* End PBXResourcesBuildPhase section */

/* Begin PBXSourcesBuildPhase section */
		AD58019D23AB60C900593430 /* Sources */ = {
			isa = PBXSourcesBuildPhase;
			buildActionMask = 2147483647;
			files = (
				AD5801A923AB60C900593430 /* TableViewCustomCell.swift in Sources */,
				AD5801A523AB60C900593430 /* AppDelegate.swift in Sources */,
				ADB1A5C823AB66550056D9BD /* CustomCell.swift in Sources */,
				AD5801A723AB60C900593430 /* SceneDelegate.swift in Sources */,
			);
			runOnlyForDeploymentPostprocessing = 0;
		};
/* End PBXSourcesBuildPhase section */

/* Begin PBXVariantGroup section */
		AD5801AA23AB60C900593430 /* Main.storyboard */ = {
			isa = PBXVariantGroup;
			children = (
				AD5801AB23AB60C900593430 /* Base */,
			);
			name = Main.storyboard;
			sourceTree = "<group>";
		};
		AD5801AF23AB60CB00593430 /* LaunchScreen.storyboard */ = {
			isa = PBXVariantGroup;
			children = (
				AD5801B023AB60CB00593430 /* Base */,
			);
			name = LaunchScreen.storyboard;
			sourceTree = "<group>";
		};
/* End PBXVariantGroup section */

/* Begin XCBuildConfiguration section */
		AD5801B323AB60CB00593430 /* Debug */ = {
			isa = XCBuildConfiguration;
			buildSettings = {
				ALWAYS_SEARCH_USER_PATHS = NO;
				CLANG_ANALYZER_NONNULL = YES;
				CLANG_ANALYZER_NUMBER_OBJECT_CONVERSION = YES_AGGRESSIVE;
				CLANG_CXX_LANGUAGE_STANDARD = "gnu++14";
				CLANG_CXX_LIBRARY = "libc++";
				CLANG_ENABLE_MODULES = YES;
				CLANG_ENABLE_OBJC_ARC = YES;
				CLANG_ENABLE_OBJC_WEAK = YES;
				CLANG_WARN_BLOCK_CAPTURE_AUTORELEASING = YES;
				CLANG_WARN_BOOL_CONVERSION = YES;
				CLANG_WARN_COMMA = YES;
				CLANG_WARN_CONSTANT_CONVERSION = YES;
				CLANG_WARN_DEPRECATED_OBJC_IMPLEMENTATIONS = YES;
				CLANG_WARN_DIRECT_OBJC_ISA_USAGE = YES_ERROR;
				CLANG_WARN_DOCUMENTATION_COMMENTS = YES;
				CLANG_WARN_EMPTY_BODY = YES;
				CLANG_WARN_ENUM_CONVERSION = YES;
				CLANG_WARN_INFINITE_RECURSION = YES;
				CLANG_WARN_INT_CONVERSION = YES;
				CLANG_WARN_NON_LITERAL_NULL_CONVERSION = YES;
				CLANG_WARN_OBJC_IMPLICIT_RETAIN_SELF = YES;
				CLANG_WARN_OBJC_LITERAL_CONVERSION = YES;
				CLANG_WARN_OBJC_ROOT_CLASS = YES_ERROR;
				CLANG_WARN_RANGE_LOOP_ANALYSIS = YES;
				CLANG_WARN_STRICT_PROTOTYPES = YES;
				CLANG_WARN_SUSPICIOUS_MOVE = YES;
				CLANG_WARN_UNGUARDED_AVAILABILITY = YES_AGGRESSIVE;
				CLANG_WARN_UNREACHABLE_CODE = YES;
				CLANG_WARN__DUPLICATE_METHOD_MATCH = YES;
				COPY_PHASE_STRIP = NO;
				DEBUG_INFORMATION_FORMAT = dwarf;
				ENABLE_STRICT_OBJC_MSGSEND = YES;
				ENABLE_TESTABILITY = YES;
				GCC_C_LANGUAGE_STANDARD = gnu11;
				GCC_DYNAMIC_NO_PIC = NO;
				GCC_NO_COMMON_BLOCKS = YES;
				GCC_OPTIMIZATION_LEVEL = 0;
				GCC_PREPROCESSOR_DEFINITIONS = (
					"DEBUG=1",
					"$(inherited)",
				);
				GCC_WARN_64_TO_32_BIT_CONVERSION = YES;
				GCC_WARN_ABOUT_RETURN_TYPE = YES_ERROR;
				GCC_WARN_UNDECLARED_SELECTOR = YES;
				GCC_WARN_UNINITIALIZED_AUTOS = YES_AGGRESSIVE;
				GCC_WARN_UNUSED_FUNCTION = YES;
				GCC_WARN_UNUSED_VARIABLE = YES;
				IPHONEOS_DEPLOYMENT_TARGET = 13.2;
				MTL_ENABLE_DEBUG_INFO = INCLUDE_SOURCE;
				MTL_FAST_MATH = YES;
				ONLY_ACTIVE_ARCH = YES;
				SDKROOT = iphoneos;
				SWIFT_ACTIVE_COMPILATION_CONDITIONS = DEBUG;
				SWIFT_OPTIMIZATION_LEVEL = "-Onone";
			};
			name = Debug;
		};
		AD5801B423AB60CB00593430 /* Release */ = {
			isa = XCBuildConfiguration;
			buildSettings = {
				ALWAYS_SEARCH_USER_PATHS = NO;
				CLANG_ANALYZER_NONNULL = YES;
				CLANG_ANALYZER_NUMBER_OBJECT_CONVERSION = YES_AGGRESSIVE;
				CLANG_CXX_LANGUAGE_STANDARD = "gnu++14";
				CLANG_CXX_LIBRARY = "libc++";
				CLANG_ENABLE_MODULES = YES;
				CLANG_ENABLE_OBJC_ARC = YES;
				CLANG_ENABLE_OBJC_WEAK = YES;
				CLANG_WARN_BLOCK_CAPTURE_AUTORELEASING = YES;
				CLANG_WARN_BOOL_CONVERSION = YES;
				CLANG_WARN_COMMA = YES;
				CLANG_WARN_CONSTANT_CONVERSION = YES;
				CLANG_WARN_DEPRECATED_OBJC_IMPLEMENTATIONS = YES;
				CLANG_WARN_DIRECT_OBJC_ISA_USAGE = YES_ERROR;
				CLANG_WARN_DOCUMENTATION_COMMENTS = YES;
				CLANG_WARN_EMPTY_BODY = YES;
				CLANG_WARN_ENUM_CONVERSION = YES;
				CLANG_WARN_INFINITE_RECURSION = YES;
				CLANG_WARN_INT_CONVERSION = YES;
				CLANG_WARN_NON_LITERAL_NULL_CONVERSION = YES;
				CLANG_WARN_OBJC_IMPLICIT_RETAIN_SELF = YES;
				CLANG_WARN_OBJC_LITERAL_CONVERSION = YES;
				CLANG_WARN_OBJC_ROOT_CLASS = YES_ERROR;
				CLANG_WARN_RANGE_LOOP_ANALYSIS = YES;
				CLANG_WARN_STRICT_PROTOTYPES = YES;
				CLANG_WARN_SUSPICIOUS_MOVE = YES;
				CLANG_WARN_UNGUARDED_AVAILABILITY = YES_AGGRESSIVE;
				CLANG_WARN_UNREACHABLE_CODE = YES;
				CLANG_WARN__DUPLICATE_METHOD_MATCH = YES;
				COPY_PHASE_STRIP = NO;
				DEBUG_INFORMATION_FORMAT = "dwarf-with-dsym";
				ENABLE_NS_ASSERTIONS = NO;
				ENABLE_STRICT_OBJC_MSGSEND = YES;
				GCC_C_LANGUAGE_STANDARD = gnu11;
				GCC_NO_COMMON_BLOCKS = YES;
				GCC_WARN_64_TO_32_BIT_CONVERSION = YES;
				GCC_WARN_ABOUT_RETURN_TYPE = YES_ERROR;
				GCC_WARN_UNDECLARED_SELECTOR = YES;
				GCC_WARN_UNINITIALIZED_AUTOS = YES_AGGRESSIVE;
				GCC_WARN_UNUSED_FUNCTION = YES;
				GCC_WARN_UNUSED_VARIABLE = YES;
				IPHONEOS_DEPLOYMENT_TARGET = 13.2;
				MTL_ENABLE_DEBUG_INFO = NO;
				MTL_FAST_MATH = YES;
				SDKROOT = iphoneos;
				SWIFT_COMPILATION_MODE = wholemodule;
				SWIFT_OPTIMIZATION_LEVEL = "-O";
				VALIDATE_PRODUCT = YES;
			};
			name = Release;
		};
		AD5801B623AB60CB00593430 /* Debug */ = {
			isa = XCBuildConfiguration;
			buildSettings = {
				ASSETCATALOG_COMPILER_APPICON_NAME = AppIcon;
				CODE_SIGN_STYLE = Automatic;
				INFOPLIST_FILE = 191219_CustomViewCell/Info.plist;
				LD_RUNPATH_SEARCH_PATHS = (
					"$(inherited)",
					"@executable_path/Frameworks",
				);
				PRODUCT_BUNDLE_IDENTIFIER = "org.techtown.-91219-CustomViewCell";
				PRODUCT_NAME = "$(TARGET_NAME)";
				SWIFT_VERSION = 5.0;
				TARGETED_DEVICE_FAMILY = "1,2";
			};
			name = Debug;
		};
		AD5801B723AB60CB00593430 /* Release */ = {
			isa = XCBuildConfiguration;
			buildSettings = {
				ASSETCATALOG_COMPILER_APPICON_NAME = AppIcon;
				CODE_SIGN_STYLE = Automatic;
				INFOPLIST_FILE = 191219_CustomViewCell/Info.plist;
				LD_RUNPATH_SEARCH_PATHS = (
					"$(inherited)",
					"@executable_path/Frameworks",
				);
				PRODUCT_BUNDLE_IDENTIFIER = "org.techtown.-91219-CustomViewCell";
				PRODUCT_NAME = "$(TARGET_NAME)";
				SWIFT_VERSION = 5.0;
				TARGETED_DEVICE_FAMILY = "1,2";
			};
			name = Release;
		};
/* End XCBuildConfiguration section */

/* Begin XCConfigurationList section */
		AD58019C23AB60C900593430 /* Build configuration list for PBXProject "191219_CustomViewCell" */ = {
			isa = XCConfigurationList;
			buildConfigurations = (
				AD5801B323AB60CB00593430 /* Debug */,
				AD5801B423AB60CB00593430 /* Release */,
			);
			defaultConfigurationIsVisible = 0;
			defaultConfigurationName = Release;
		};
		AD5801B523AB60CB00593430 /* Build configuration list for PBXNativeTarget "191219_CustomViewCell" */ = {
			isa = XCConfigurationList;
			buildConfigurations = (
				AD5801B623AB60CB00593430 /* Debug */,
				AD5801B723AB60CB00593430 /* Release */,
			);
			defaultConfigurationIsVisible = 0;
			defaultConfigurationName = Release;
		};
/* End XCConfigurationList section */
	};
	rootObject = AD58019923AB60C900593430 /* Project object */;
}
