// !$*UTF8*$!
{
	archiveVersion = 1;
	classes = {
	};
	objectVersion = 50;
	objects = {

/* Begin PBXBuildFile section */
		AD50D7A2238BC14600080B4D /* AppDelegate.swift in Sources */ = {isa = PBXBuildFile; fileRef = AD50D7A1238BC14600080B4D /* AppDelegate.swift */; };
		AD50D7A4238BC14600080B4D /* SceneDelegate.swift in Sources */ = {isa = PBXBuildFile; fileRef = AD50D7A3238BC14600080B4D /* SceneDelegate.swift */; };
		AD50D7A6238BC14600080B4D /* AviewController.swift in Sources */ = {isa = PBXBuildFile; fileRef = AD50D7A5238BC14600080B4D /* AviewController.swift */; };
		AD50D7A9238BC14600080B4D /* Main.storyboard in Resources */ = {isa = PBXBuildFile; fileRef = AD50D7A7238BC14600080B4D /* Main.storyboard */; };
		AD50D7AB238BC14800080B4D /* Assets.xcassets in Resources */ = {isa = PBXBuildFile; fileRef = AD50D7AA238BC14800080B4D /* Assets.xcassets */; };
		AD50D7AE238BC14800080B4D /* LaunchScreen.storyboard in Resources */ = {isa = PBXBuildFile; fileRef = AD50D7AC238BC14800080B4D /* LaunchScreen.storyboard */; };
		AD50D7B6238BCF9500080B4D /* BviewController.swift in Sources */ = {isa = PBXBuildFile; fileRef = AD50D7B5238BCF9500080B4D /* BviewController.swift */; };
/* End PBXBuildFile section */

/* Begin PBXFileReference section */
		AD50D79E238BC14600080B4D /* 191125_project_1.app */ = {isa = PBXFileReference; explicitFileType = wrapper.application; includeInIndex = 0; path = 191125_project_1.app; sourceTree = BUILT_PRODUCTS_DIR; };
		AD50D7A1238BC14600080B4D /* AppDelegate.swift */ = {isa = PBXFileReference; lastKnownFileType = sourcecode.swift; path = AppDelegate.swift; sourceTree = "<group>"; };
		AD50D7A3238BC14600080B4D /* SceneDelegate.swift */ = {isa = PBXFileReference; lastKnownFileType = sourcecode.swift; path = SceneDelegate.swift; sourceTree = "<group>"; };
		AD50D7A5238BC14600080B4D /* AviewController.swift */ = {isa = PBXFileReference; lastKnownFileType = sourcecode.swift; path = AviewController.swift; sourceTree = "<group>"; };
		AD50D7A8238BC14600080B4D /* Base */ = {isa = PBXFileReference; lastKnownFileType = file.storyboard; name = Base; path = Base.lproj/Main.storyboard; sourceTree = "<group>"; };
		AD50D7AA238BC14800080B4D /* Assets.xcassets */ = {isa = PBXFileReference; lastKnownFileType = folder.assetcatalog; path = Assets.xcassets; sourceTree = "<group>"; };
		AD50D7AD238BC14800080B4D /* Base */ = {isa = PBXFileReference; lastKnownFileType = file.storyboard; name = Base; path = Base.lproj/LaunchScreen.storyboard; sourceTree = "<group>"; };
		AD50D7AF238BC14800080B4D /* Info.plist */ = {isa = PBXFileReference; lastKnownFileType = text.plist.xml; path = Info.plist; sourceTree = "<group>"; };
		AD50D7B5238BCF9500080B4D /* BviewController.swift */ = {isa = PBXFileReference; lastKnownFileType = sourcecode.swift; path = BviewController.swift; sourceTree = "<group>"; };
/* End PBXFileReference section */

/* Begin PBXFrameworksBuildPhase section */
		AD50D79B238BC14600080B4D /* Frameworks */ = {
			isa = PBXFrameworksBuildPhase;
			buildActionMask = 2147483647;
			files = (
			);
			runOnlyForDeploymentPostprocessing = 0;
		};
/* End PBXFrameworksBuildPhase section */

/* Begin PBXGroup section */
		AD50D795238BC14600080B4D = {
			isa = PBXGroup;
			children = (
				AD50D7A0238BC14600080B4D /* 191125_project_1 */,
				AD50D79F238BC14600080B4D /* Products */,
			);
			sourceTree = "<group>";
		};
		AD50D79F238BC14600080B4D /* Products */ = {
			isa = PBXGroup;
			children = (
				AD50D79E238BC14600080B4D /* 191125_project_1.app */,
			);
			name = Products;
			sourceTree = "<group>";
		};
		AD50D7A0238BC14600080B4D /* 191125_project_1 */ = {
			isa = PBXGroup;
			children = (
				AD50D7A1238BC14600080B4D /* AppDelegate.swift */,
				AD50D7A3238BC14600080B4D /* SceneDelegate.swift */,
				AD50D7A5238BC14600080B4D /* AviewController.swift */,
				AD50D7B5238BCF9500080B4D /* BviewController.swift */,
				AD50D7A7238BC14600080B4D /* Main.storyboard */,
				AD50D7AA238BC14800080B4D /* Assets.xcassets */,
				AD50D7AC238BC14800080B4D /* LaunchScreen.storyboard */,
				AD50D7AF238BC14800080B4D /* Info.plist */,
			);
			path = 191125_project_1;
			sourceTree = "<group>";
		};
/* End PBXGroup section */

/* Begin PBXNativeTarget section */
		AD50D79D238BC14600080B4D /* 191125_project_1 */ = {
			isa = PBXNativeTarget;
			buildConfigurationList = AD50D7B2238BC14800080B4D /* Build configuration list for PBXNativeTarget "191125_project_1" */;
			buildPhases = (
				AD50D79A238BC14600080B4D /* Sources */,
				AD50D79B238BC14600080B4D /* Frameworks */,
				AD50D79C238BC14600080B4D /* Resources */,
			);
			buildRules = (
			);
			dependencies = (
			);
			name = 191125_project_1;
			productName = 191125_project_1;
			productReference = AD50D79E238BC14600080B4D /* 191125_project_1.app */;
			productType = "com.apple.product-type.application";
		};
/* End PBXNativeTarget section */

/* Begin PBXProject section */
		AD50D796238BC14600080B4D /* Project object */ = {
			isa = PBXProject;
			attributes = {
				LastSwiftUpdateCheck = 1120;
				LastUpgradeCheck = 1120;
				ORGANIZATIONNAME = Demian;
				TargetAttributes = {
					AD50D79D238BC14600080B4D = {
						CreatedOnToolsVersion = 11.2.1;
					};
				};
			};
			buildConfigurationList = AD50D799238BC14600080B4D /* Build configuration list for PBXProject "191125_project_1" */;
			compatibilityVersion = "Xcode 9.3";
			developmentRegion = en;
			hasScannedForEncodings = 0;
			knownRegions = (
				en,
				Base,
			);
			mainGroup = AD50D795238BC14600080B4D;
			productRefGroup = AD50D79F238BC14600080B4D /* Products */;
			projectDirPath = "";
			projectRoot = "";
			targets = (
				AD50D79D238BC14600080B4D /* 191125_project_1 */,
			);
		};
/* End PBXProject section */

/* Begin PBXResourcesBuildPhase section */
		AD50D79C238BC14600080B4D /* Resources */ = {
			isa = PBXResourcesBuildPhase;
			buildActionMask = 2147483647;
			files = (
				AD50D7AE238BC14800080B4D /* LaunchScreen.storyboard in Resources */,
				AD50D7AB238BC14800080B4D /* Assets.xcassets in Resources */,
				AD50D7A9238BC14600080B4D /* Main.storyboard in Resources */,
			);
			runOnlyForDeploymentPostprocessing = 0;
		};
/* End PBXResourcesBuildPhase section */

/* Begin PBXSourcesBuildPhase section */
		AD50D79A238BC14600080B4D /* Sources */ = {
			isa = PBXSourcesBuildPhase;
			buildActionMask = 2147483647;
			files = (
				AD50D7A6238BC14600080B4D /* AviewController.swift in Sources */,
				AD50D7B6238BCF9500080B4D /* BviewController.swift in Sources */,
				AD50D7A2238BC14600080B4D /* AppDelegate.swift in Sources */,
				AD50D7A4238BC14600080B4D /* SceneDelegate.swift in Sources */,
			);
			runOnlyForDeploymentPostprocessing = 0;
		};
/* End PBXSourcesBuildPhase section */

/* Begin PBXVariantGroup section */
		AD50D7A7238BC14600080B4D /* Main.storyboard */ = {
			isa = PBXVariantGroup;
			children = (
				AD50D7A8238BC14600080B4D /* Base */,
			);
			name = Main.storyboard;
			sourceTree = "<group>";
		};
		AD50D7AC238BC14800080B4D /* LaunchScreen.storyboard */ = {
			isa = PBXVariantGroup;
			children = (
				AD50D7AD238BC14800080B4D /* Base */,
			);
			name = LaunchScreen.storyboard;
			sourceTree = "<group>";
		};
/* End PBXVariantGroup section */

/* Begin XCBuildConfiguration section */
		AD50D7B0238BC14800080B4D /* Debug */ = {
			isa = XCBuildConfiguration;
			buildSettings = {
				ALWAYS_SEARCH_USER_PATHS = NO;
				CLANG_ANALYZER_NONNULL = YES;
				CLANG_ANALYZER_NUMBER_OBJECT_CONVERSION = YES_AGGRESSIVE;
				CLANG_CXX_LANGUAGE_STANDARD = "gnu++14";
				CLANG_CXX_LIBRARY = "libc++";
				CLANG_ENABLE_MODULES = YES;
				CLANG_ENABLE_OBJC_ARC = YES;
				CLANG_ENABLE_OBJC_WEAK = YES;
				CLANG_WARN_BLOCK_CAPTURE_AUTORELEASING = YES;
				CLANG_WARN_BOOL_CONVERSION = YES;
				CLANG_WARN_COMMA = YES;
				CLANG_WARN_CONSTANT_CONVERSION = YES;
				CLANG_WARN_DEPRECATED_OBJC_IMPLEMENTATIONS = YES;
				CLANG_WARN_DIRECT_OBJC_ISA_USAGE = YES_ERROR;
				CLANG_WARN_DOCUMENTATION_COMMENTS = YES;
				CLANG_WARN_EMPTY_BODY = YES;
				CLANG_WARN_ENUM_CONVERSION = YES;
				CLANG_WARN_INFINITE_RECURSION = YES;
				CLANG_WARN_INT_CONVERSION = YES;
				CLANG_WARN_NON_LITERAL_NULL_CONVERSION = YES;
				CLANG_WARN_OBJC_IMPLICIT_RETAIN_SELF = YES;
				CLANG_WARN_OBJC_LITERAL_CONVERSION = YES;
				CLANG_WARN_OBJC_ROOT_CLASS = YES_ERROR;
				CLANG_WARN_RANGE_LOOP_ANALYSIS = YES;
				CLANG_WARN_STRICT_PROTOTYPES = YES;
				CLANG_WARN_SUSPICIOUS_MOVE = YES;
				CLANG_WARN_UNGUARDED_AVAILABILITY = YES_AGGRESSIVE;
				CLANG_WARN_UNREACHABLE_CODE = YES;
				CLANG_WARN__DUPLICATE_METHOD_MATCH = YES;
				COPY_PHASE_STRIP = NO;
				DEBUG_INFORMATION_FORMAT = dwarf;
				ENABLE_STRICT_OBJC_MSGSEND = YES;
				ENABLE_TESTABILITY = YES;
				GCC_C_LANGUAGE_STANDARD = gnu11;
				GCC_DYNAMIC_NO_PIC = NO;
				GCC_NO_COMMON_BLOCKS = YES;
				GCC_OPTIMIZATION_LEVEL = 0;
				GCC_PREPROCESSOR_DEFINITIONS = (
					"DEBUG=1",
					"$(inherited)",
				);
				GCC_WARN_64_TO_32_BIT_CONVERSION = YES;
				GCC_WARN_ABOUT_RETURN_TYPE = YES_ERROR;
				GCC_WARN_UNDECLARED_SELECTOR = YES;
				GCC_WARN_UNINITIALIZED_AUTOS = YES_AGGRESSIVE;
				GCC_WARN_UNUSED_FUNCTION = YES;
				GCC_WARN_UNUSED_VARIABLE = YES;
				IPHONEOS_DEPLOYMENT_TARGET = 13.2;
				MTL_ENABLE_DEBUG_INFO = INCLUDE_SOURCE;
				MTL_FAST_MATH = YES;
				ONLY_ACTIVE_ARCH = YES;
				SDKROOT = iphoneos;
				SWIFT_ACTIVE_COMPILATION_CONDITIONS = DEBUG;
				SWIFT_OPTIMIZATION_LEVEL = "-Onone";
			};
			name = Debug;
		};
		AD50D7B1238BC14800080B4D /* Release */ = {
			isa = XCBuildConfiguration;
			buildSettings = {
				ALWAYS_SEARCH_USER_PATHS = NO;
				CLANG_ANALYZER_NONNULL = YES;
				CLANG_ANALYZER_NUMBER_OBJECT_CONVERSION = YES_AGGRESSIVE;
				CLANG_CXX_LANGUAGE_STANDARD = "gnu++14";
				CLANG_CXX_LIBRARY = "libc++";
				CLANG_ENABLE_MODULES = YES;
				CLANG_ENABLE_OBJC_ARC = YES;
				CLANG_ENABLE_OBJC_WEAK = YES;
				CLANG_WARN_BLOCK_CAPTURE_AUTORELEASING = YES;
				CLANG_WARN_BOOL_CONVERSION = YES;
				CLANG_WARN_COMMA = YES;
				CLANG_WARN_CONSTANT_CONVERSION = YES;
				CLANG_WARN_DEPRECATED_OBJC_IMPLEMENTATIONS = YES;
				CLANG_WARN_DIRECT_OBJC_ISA_USAGE = YES_ERROR;
				CLANG_WARN_DOCUMENTATION_COMMENTS = YES;
				CLANG_WARN_EMPTY_BODY = YES;
				CLANG_WARN_ENUM_CONVERSION = YES;
				CLANG_WARN_INFINITE_RECURSION = YES;
				CLANG_WARN_INT_CONVERSION = YES;
				CLANG_WARN_NON_LITERAL_NULL_CONVERSION = YES;
				CLANG_WARN_OBJC_IMPLICIT_RETAIN_SELF = YES;
				CLANG_WARN_OBJC_LITERAL_CONVERSION = YES;
				CLANG_WARN_OBJC_ROOT_CLASS = YES_ERROR;
				CLANG_WARN_RANGE_LOOP_ANALYSIS = YES;
				CLANG_WARN_STRICT_PROTOTYPES = YES;
				CLANG_WARN_SUSPICIOUS_MOVE = YES;
				CLANG_WARN_UNGUARDED_AVAILABILITY = YES_AGGRESSIVE;
				CLANG_WARN_UNREACHABLE_CODE = YES;
				CLANG_WARN__DUPLICATE_METHOD_MATCH = YES;
				COPY_PHASE_STRIP = NO;
				DEBUG_INFORMATION_FORMAT = "dwarf-with-dsym";
				ENABLE_NS_ASSERTIONS = NO;
				ENABLE_STRICT_OBJC_MSGSEND = YES;
				GCC_C_LANGUAGE_STANDARD = gnu11;
				GCC_NO_COMMON_BLOCKS = YES;
				GCC_WARN_64_TO_32_BIT_CONVERSION = YES;
				GCC_WARN_ABOUT_RETURN_TYPE = YES_ERROR;
				GCC_WARN_UNDECLARED_SELECTOR = YES;
				GCC_WARN_UNINITIALIZED_AUTOS = YES_AGGRESSIVE;
				GCC_WARN_UNUSED_FUNCTION = YES;
				GCC_WARN_UNUSED_VARIABLE = YES;
				IPHONEOS_DEPLOYMENT_TARGET = 13.2;
				MTL_ENABLE_DEBUG_INFO = NO;
				MTL_FAST_MATH = YES;
				SDKROOT = iphoneos;
				SWIFT_COMPILATION_MODE = wholemodule;
				SWIFT_OPTIMIZATION_LEVEL = "-O";
				VALIDATE_PRODUCT = YES;
			};
			name = Release;
		};
		AD50D7B3238BC14800080B4D /* Debug */ = {
			isa = XCBuildConfiguration;
			buildSettings = {
				ASSETCATALOG_COMPILER_APPICON_NAME = AppIcon;
				CODE_SIGN_STYLE = Automatic;
				INFOPLIST_FILE = 191125_project_1/Info.plist;
				LD_RUNPATH_SEARCH_PATHS = (
					"$(inherited)",
					"@executable_path/Frameworks",
				);
				PRODUCT_BUNDLE_IDENTIFIER = "org.techtown.-91125-project-1";
				PRODUCT_NAME = "$(TARGET_NAME)";
				SWIFT_VERSION = 5.0;
				TARGETED_DEVICE_FAMILY = "1,2";
			};
			name = Debug;
		};
		AD50D7B4238BC14800080B4D /* Release */ = {
			isa = XCBuildConfiguration;
			buildSettings = {
				ASSETCATALOG_COMPILER_APPICON_NAME = AppIcon;
				CODE_SIGN_STYLE = Automatic;
				INFOPLIST_FILE = 191125_project_1/Info.plist;
				LD_RUNPATH_SEARCH_PATHS = (
					"$(inherited)",
					"@executable_path/Frameworks",
				);
				PRODUCT_BUNDLE_IDENTIFIER = "org.techtown.-91125-project-1";
				PRODUCT_NAME = "$(TARGET_NAME)";
				SWIFT_VERSION = 5.0;
				TARGETED_DEVICE_FAMILY = "1,2";
			};
			name = Release;
		};
/* End XCBuildConfiguration section */

/* Begin XCConfigurationList section */
		AD50D799238BC14600080B4D /* Build configuration list for PBXProject "191125_project_1" */ = {
			isa = XCConfigurationList;
			buildConfigurations = (
				AD50D7B0238BC14800080B4D /* Debug */,
				AD50D7B1238BC14800080B4D /* Release */,
			);
			defaultConfigurationIsVisible = 0;
			defaultConfigurationName = Release;
		};
		AD50D7B2238BC14800080B4D /* Build configuration list for PBXNativeTarget "191125_project_1" */ = {
			isa = XCConfigurationList;
			buildConfigurations = (
				AD50D7B3238BC14800080B4D /* Debug */,
				AD50D7B4238BC14800080B4D /* Release */,
			);
			defaultConfigurationIsVisible = 0;
			defaultConfigurationName = Release;
		};
/* End XCConfigurationList section */
	};
	rootObject = AD50D796238BC14600080B4D /* Project object */;
}
