// !$*UTF8*$!
{
	archiveVersion = 1;
	classes = {
	};
	objectVersion = 50;
	objects = {

/* Begin PBXBuildFile section */
		AD59B72123FF9DC0005E750A /* AppDelegate.swift in Sources */ = {isa = PBXBuildFile; fileRef = AD59B72023FF9DC0005E750A /* AppDelegate.swift */; };
		AD59B72523FF9DC0005E750A /* ViewController.swift in Sources */ = {isa = PBXBuildFile; fileRef = AD59B72423FF9DC0005E750A /* ViewController.swift */; };
		AD59B72823FF9DC0005E750A /* Main.storyboard in Resources */ = {isa = PBXBuildFile; fileRef = AD59B72623FF9DC0005E750A /* Main.storyboard */; };
		AD59B72A23FF9DC3005E750A /* Assets.xcassets in Resources */ = {isa = PBXBuildFile; fileRef = AD59B72923FF9DC3005E750A /* Assets.xcassets */; };
		AD59B72D23FF9DC3005E750A /* LaunchScreen.storyboard in Resources */ = {isa = PBXBuildFile; fileRef = AD59B72B23FF9DC3005E750A /* LaunchScreen.storyboard */; };
		AD59B73623FF9FA2005E750A /* Alamofire.framework in Frameworks */ = {isa = PBXBuildFile; fileRef = AD59B73523FF9FA2005E750A /* Alamofire.framework */; };
		AD59B73A23FFB4D2005E750A /* User.swift in Sources */ = {isa = PBXBuildFile; fileRef = AD59B73923FFB4D2005E750A /* User.swift */; };
		AD59B73C23FFB5E7005E750A /* Service.swift in Sources */ = {isa = PBXBuildFile; fileRef = AD59B73B23FFB5E7005E750A /* Service.swift */; };
/* End PBXBuildFile section */

/* Begin PBXFileReference section */
		AD59B71D23FF9DC0005E750A /* 200221_Alamofire.app */ = {isa = PBXFileReference; explicitFileType = wrapper.application; includeInIndex = 0; path = 200221_Alamofire.app; sourceTree = BUILT_PRODUCTS_DIR; };
		AD59B72023FF9DC0005E750A /* AppDelegate.swift */ = {isa = PBXFileReference; lastKnownFileType = sourcecode.swift; path = AppDelegate.swift; sourceTree = "<group>"; };
		AD59B72423FF9DC0005E750A /* ViewController.swift */ = {isa = PBXFileReference; lastKnownFileType = sourcecode.swift; path = ViewController.swift; sourceTree = "<group>"; };
		AD59B72723FF9DC0005E750A /* Base */ = {isa = PBXFileReference; lastKnownFileType = file.storyboard; name = Base; path = Base.lproj/Main.storyboard; sourceTree = "<group>"; };
		AD59B72923FF9DC3005E750A /* Assets.xcassets */ = {isa = PBXFileReference; lastKnownFileType = folder.assetcatalog; path = Assets.xcassets; sourceTree = "<group>"; };
		AD59B72C23FF9DC3005E750A /* Base */ = {isa = PBXFileReference; lastKnownFileType = file.storyboard; name = Base; path = Base.lproj/LaunchScreen.storyboard; sourceTree = "<group>"; };
		AD59B72E23FF9DC3005E750A /* Info.plist */ = {isa = PBXFileReference; lastKnownFileType = text.plist.xml; path = Info.plist; sourceTree = "<group>"; };
		AD59B73523FF9FA2005E750A /* Alamofire.framework */ = {isa = PBXFileReference; lastKnownFileType = wrapper.framework; name = Alamofire.framework; path = Carthage/Build/iOS/Alamofire.framework; sourceTree = "<group>"; };
		AD59B73923FFB4D2005E750A /* User.swift */ = {isa = PBXFileReference; lastKnownFileType = sourcecode.swift; path = User.swift; sourceTree = "<group>"; };
		AD59B73B23FFB5E7005E750A /* Service.swift */ = {isa = PBXFileReference; lastKnownFileType = sourcecode.swift; path = Service.swift; sourceTree = "<group>"; };
/* End PBXFileReference section */

/* Begin PBXFrameworksBuildPhase section */
		AD59B71A23FF9DC0005E750A /* Frameworks */ = {
			isa = PBXFrameworksBuildPhase;
			buildActionMask = 2147483647;
			files = (
				AD59B73623FF9FA2005E750A /* Alamofire.framework in Frameworks */,
			);
			runOnlyForDeploymentPostprocessing = 0;
		};
/* End PBXFrameworksBuildPhase section */

/* Begin PBXGroup section */
		AD59B71423FF9DC0005E750A = {
			isa = PBXGroup;
			children = (
				AD59B71F23FF9DC0005E750A /* 200221_Alamofire */,
				AD59B71E23FF9DC0005E750A /* Products */,
				AD59B73423FF9FA2005E750A /* Frameworks */,
			);
			sourceTree = "<group>";
		};
		AD59B71E23FF9DC0005E750A /* Products */ = {
			isa = PBXGroup;
			children = (
				AD59B71D23FF9DC0005E750A /* 200221_Alamofire.app */,
			);
			name = Products;
			sourceTree = "<group>";
		};
		AD59B71F23FF9DC0005E750A /* 200221_Alamofire */ = {
			isa = PBXGroup;
			children = (
				AD59B72023FF9DC0005E750A /* AppDelegate.swift */,
				AD59B72423FF9DC0005E750A /* ViewController.swift */,
				AD59B73923FFB4D2005E750A /* User.swift */,
				AD59B73B23FFB5E7005E750A /* Service.swift */,
				AD59B72623FF9DC0005E750A /* Main.storyboard */,
				AD59B72923FF9DC3005E750A /* Assets.xcassets */,
				AD59B72B23FF9DC3005E750A /* LaunchScreen.storyboard */,
				AD59B72E23FF9DC3005E750A /* Info.plist */,
			);
			path = 200221_Alamofire;
			sourceTree = "<group>";
		};
		AD59B73423FF9FA2005E750A /* Frameworks */ = {
			isa = PBXGroup;
			children = (
				AD59B73523FF9FA2005E750A /* Alamofire.framework */,
			);
			name = Frameworks;
			sourceTree = "<group>";
		};
/* End PBXGroup section */

/* Begin PBXNativeTarget section */
		AD59B71C23FF9DC0005E750A /* 200221_Alamofire */ = {
			isa = PBXNativeTarget;
			buildConfigurationList = AD59B73123FF9DC3005E750A /* Build configuration list for PBXNativeTarget "200221_Alamofire" */;
			buildPhases = (
				AD59B71923FF9DC0005E750A /* Sources */,
				AD59B71A23FF9DC0005E750A /* Frameworks */,
				AD59B71B23FF9DC0005E750A /* Resources */,
				AD59B73823FF9FB5005E750A /* ShellScript */,
			);
			buildRules = (
			);
			dependencies = (
			);
			name = 200221_Alamofire;
			productName = 200221_Alamofire;
			productReference = AD59B71D23FF9DC0005E750A /* 200221_Alamofire.app */;
			productType = "com.apple.product-type.application";
		};
/* End PBXNativeTarget section */

/* Begin PBXProject section */
		AD59B71523FF9DC0005E750A /* Project object */ = {
			isa = PBXProject;
			attributes = {
				LastSwiftUpdateCheck = 1130;
				LastUpgradeCheck = 1130;
				ORGANIZATIONNAME = Demian;
				TargetAttributes = {
					AD59B71C23FF9DC0005E750A = {
						CreatedOnToolsVersion = 11.3.1;
					};
				};
			};
			buildConfigurationList = AD59B71823FF9DC0005E750A /* Build configuration list for PBXProject "200221_Alamofire" */;
			compatibilityVersion = "Xcode 9.3";
			developmentRegion = en;
			hasScannedForEncodings = 0;
			knownRegions = (
				en,
				Base,
			);
			mainGroup = AD59B71423FF9DC0005E750A;
			productRefGroup = AD59B71E23FF9DC0005E750A /* Products */;
			projectDirPath = "";
			projectRoot = "";
			targets = (
				AD59B71C23FF9DC0005E750A /* 200221_Alamofire */,
			);
		};
/* End PBXProject section */

/* Begin PBXResourcesBuildPhase section */
		AD59B71B23FF9DC0005E750A /* Resources */ = {
			isa = PBXResourcesBuildPhase;
			buildActionMask = 2147483647;
			files = (
				AD59B72D23FF9DC3005E750A /* LaunchScreen.storyboard in Resources */,
				AD59B72A23FF9DC3005E750A /* Assets.xcassets in Resources */,
				AD59B72823FF9DC0005E750A /* Main.storyboard in Resources */,
			);
			runOnlyForDeploymentPostprocessing = 0;
		};
/* End PBXResourcesBuildPhase section */

/* Begin PBXShellScriptBuildPhase section */
		AD59B73823FF9FB5005E750A /* ShellScript */ = {
			isa = PBXShellScriptBuildPhase;
			buildActionMask = 2147483647;
			files = (
			);
			inputFileListPaths = (
			);
			inputPaths = (
				"$(SRCROOT)/Carthage/Build/iOS/Alamofire.framework",
			);
			outputFileListPaths = (
			);
			outputPaths = (
			);
			runOnlyForDeploymentPostprocessing = 0;
			shellPath = /bin/sh;
			shellScript = "/usr/local/bin/carthage copy-frameworks\n\n";
		};
/* End PBXShellScriptBuildPhase section */

/* Begin PBXSourcesBuildPhase section */
		AD59B71923FF9DC0005E750A /* Sources */ = {
			isa = PBXSourcesBuildPhase;
			buildActionMask = 2147483647;
			files = (
				AD59B72523FF9DC0005E750A /* ViewController.swift in Sources */,
				AD59B73C23FFB5E7005E750A /* Service.swift in Sources */,
				AD59B72123FF9DC0005E750A /* AppDelegate.swift in Sources */,
				AD59B73A23FFB4D2005E750A /* User.swift in Sources */,
			);
			runOnlyForDeploymentPostprocessing = 0;
		};
/* End PBXSourcesBuildPhase section */

/* Begin PBXVariantGroup section */
		AD59B72623FF9DC0005E750A /* Main.storyboard */ = {
			isa = PBXVariantGroup;
			children = (
				AD59B72723FF9DC0005E750A /* Base */,
			);
			name = Main.storyboard;
			sourceTree = "<group>";
		};
		AD59B72B23FF9DC3005E750A /* LaunchScreen.storyboard */ = {
			isa = PBXVariantGroup;
			children = (
				AD59B72C23FF9DC3005E750A /* Base */,
			);
			name = LaunchScreen.storyboard;
			sourceTree = "<group>";
		};
/* End PBXVariantGroup section */

/* Begin XCBuildConfiguration section */
		AD59B72F23FF9DC3005E750A /* Debug */ = {
			isa = XCBuildConfiguration;
			buildSettings = {
				ALWAYS_SEARCH_USER_PATHS = NO;
				CLANG_ANALYZER_NONNULL = YES;
				CLANG_ANALYZER_NUMBER_OBJECT_CONVERSION = YES_AGGRESSIVE;
				CLANG_CXX_LANGUAGE_STANDARD = "gnu++14";
				CLANG_CXX_LIBRARY = "libc++";
				CLANG_ENABLE_MODULES = YES;
				CLANG_ENABLE_OBJC_ARC = YES;
				CLANG_ENABLE_OBJC_WEAK = YES;
				CLANG_WARN_BLOCK_CAPTURE_AUTORELEASING = YES;
				CLANG_WARN_BOOL_CONVERSION = YES;
				CLANG_WARN_COMMA = YES;
				CLANG_WARN_CONSTANT_CONVERSION = YES;
				CLANG_WARN_DEPRECATED_OBJC_IMPLEMENTATIONS = YES;
				CLANG_WARN_DIRECT_OBJC_ISA_USAGE = YES_ERROR;
				CLANG_WARN_DOCUMENTATION_COMMENTS = YES;
				CLANG_WARN_EMPTY_BODY = YES;
				CLANG_WARN_ENUM_CONVERSION = YES;
				CLANG_WARN_INFINITE_RECURSION = YES;
				CLANG_WARN_INT_CONVERSION = YES;
				CLANG_WARN_NON_LITERAL_NULL_CONVERSION = YES;
				CLANG_WARN_OBJC_IMPLICIT_RETAIN_SELF = YES;
				CLANG_WARN_OBJC_LITERAL_CONVERSION = YES;
				CLANG_WARN_OBJC_ROOT_CLASS = YES_ERROR;
				CLANG_WARN_RANGE_LOOP_ANALYSIS = YES;
				CLANG_WARN_STRICT_PROTOTYPES = YES;
				CLANG_WARN_SUSPICIOUS_MOVE = YES;
				CLANG_WARN_UNGUARDED_AVAILABILITY = YES_AGGRESSIVE;
				CLANG_WARN_UNREACHABLE_CODE = YES;
				CLANG_WARN__DUPLICATE_METHOD_MATCH = YES;
				COPY_PHASE_STRIP = NO;
				DEBUG_INFORMATION_FORMAT = dwarf;
				ENABLE_STRICT_OBJC_MSGSEND = YES;
				ENABLE_TESTABILITY = YES;
				GCC_C_LANGUAGE_STANDARD = gnu11;
				GCC_DYNAMIC_NO_PIC = NO;
				GCC_NO_COMMON_BLOCKS = YES;
				GCC_OPTIMIZATION_LEVEL = 0;
				GCC_PREPROCESSOR_DEFINITIONS = (
					"DEBUG=1",
					"$(inherited)",
				);
				GCC_WARN_64_TO_32_BIT_CONVERSION = YES;
				GCC_WARN_ABOUT_RETURN_TYPE = YES_ERROR;
				GCC_WARN_UNDECLARED_SELECTOR = YES;
				GCC_WARN_UNINITIALIZED_AUTOS = YES_AGGRESSIVE;
				GCC_WARN_UNUSED_FUNCTION = YES;
				GCC_WARN_UNUSED_VARIABLE = YES;
				IPHONEOS_DEPLOYMENT_TARGET = 13.2;
				MTL_ENABLE_DEBUG_INFO = INCLUDE_SOURCE;
				MTL_FAST_MATH = YES;
				ONLY_ACTIVE_ARCH = YES;
				SDKROOT = iphoneos;
				SWIFT_ACTIVE_COMPILATION_CONDITIONS = DEBUG;
				SWIFT_OPTIMIZATION_LEVEL = "-Onone";
			};
			name = Debug;
		};
		AD59B73023FF9DC3005E750A /* Release */ = {
			isa = XCBuildConfiguration;
			buildSettings = {
				ALWAYS_SEARCH_USER_PATHS = NO;
				CLANG_ANALYZER_NONNULL = YES;
				CLANG_ANALYZER_NUMBER_OBJECT_CONVERSION = YES_AGGRESSIVE;
				CLANG_CXX_LANGUAGE_STANDARD = "gnu++14";
				CLANG_CXX_LIBRARY = "libc++";
				CLANG_ENABLE_MODULES = YES;
				CLANG_ENABLE_OBJC_ARC = YES;
				CLANG_ENABLE_OBJC_WEAK = YES;
				CLANG_WARN_BLOCK_CAPTURE_AUTORELEASING = YES;
				CLANG_WARN_BOOL_CONVERSION = YES;
				CLANG_WARN_COMMA = YES;
				CLANG_WARN_CONSTANT_CONVERSION = YES;
				CLANG_WARN_DEPRECATED_OBJC_IMPLEMENTATIONS = YES;
				CLANG_WARN_DIRECT_OBJC_ISA_USAGE = YES_ERROR;
				CLANG_WARN_DOCUMENTATION_COMMENTS = YES;
				CLANG_WARN_EMPTY_BODY = YES;
				CLANG_WARN_ENUM_CONVERSION = YES;
				CLANG_WARN_INFINITE_RECURSION = YES;
				CLANG_WARN_INT_CONVERSION = YES;
				CLANG_WARN_NON_LITERAL_NULL_CONVERSION = YES;
				CLANG_WARN_OBJC_IMPLICIT_RETAIN_SELF = YES;
				CLANG_WARN_OBJC_LITERAL_CONVERSION = YES;
				CLANG_WARN_OBJC_ROOT_CLASS = YES_ERROR;
				CLANG_WARN_RANGE_LOOP_ANALYSIS = YES;
				CLANG_WARN_STRICT_PROTOTYPES = YES;
				CLANG_WARN_SUSPICIOUS_MOVE = YES;
				CLANG_WARN_UNGUARDED_AVAILABILITY = YES_AGGRESSIVE;
				CLANG_WARN_UNREACHABLE_CODE = YES;
				CLANG_WARN__DUPLICATE_METHOD_MATCH = YES;
				COPY_PHASE_STRIP = NO;
				DEBUG_INFORMATION_FORMAT = "dwarf-with-dsym";
				ENABLE_NS_ASSERTIONS = NO;
				ENABLE_STRICT_OBJC_MSGSEND = YES;
				GCC_C_LANGUAGE_STANDARD = gnu11;
				GCC_NO_COMMON_BLOCKS = YES;
				GCC_WARN_64_TO_32_BIT_CONVERSION = YES;
				GCC_WARN_ABOUT_RETURN_TYPE = YES_ERROR;
				GCC_WARN_UNDECLARED_SELECTOR = YES;
				GCC_WARN_UNINITIALIZED_AUTOS = YES_AGGRESSIVE;
				GCC_WARN_UNUSED_FUNCTION = YES;
				GCC_WARN_UNUSED_VARIABLE = YES;
				IPHONEOS_DEPLOYMENT_TARGET = 13.2;
				MTL_ENABLE_DEBUG_INFO = NO;
				MTL_FAST_MATH = YES;
				SDKROOT = iphoneos;
				SWIFT_COMPILATION_MODE = wholemodule;
				SWIFT_OPTIMIZATION_LEVEL = "-O";
				VALIDATE_PRODUCT = YES;
			};
			name = Release;
		};
		AD59B73223FF9DC3005E750A /* Debug */ = {
			isa = XCBuildConfiguration;
			buildSettings = {
				ASSETCATALOG_COMPILER_APPICON_NAME = AppIcon;
				CODE_SIGN_STYLE = Automatic;
				DEVELOPMENT_TEAM = G4MM77V7NH;
				FRAMEWORK_SEARCH_PATHS = (
					"$(inherited)",
					"$(PROJECT_DIR)/Carthage/Build/iOS",
				);
				INFOPLIST_FILE = 200221_Alamofire/Info.plist;
				IPHONEOS_DEPLOYMENT_TARGET = 12.4;
				LD_RUNPATH_SEARCH_PATHS = (
					"$(inherited)",
					"@executable_path/Frameworks",
				);
				PRODUCT_BUNDLE_IDENTIFIER = "demianjun.alamofire.-00221-Alamofire";
				PRODUCT_NAME = "$(TARGET_NAME)";
				SWIFT_VERSION = 5.0;
				TARGETED_DEVICE_FAMILY = "1,2";
			};
			name = Debug;
		};
		AD59B73323FF9DC3005E750A /* Release */ = {
			isa = XCBuildConfiguration;
			buildSettings = {
				ASSETCATALOG_COMPILER_APPICON_NAME = AppIcon;
				CODE_SIGN_STYLE = Automatic;
				DEVELOPMENT_TEAM = G4MM77V7NH;
				FRAMEWORK_SEARCH_PATHS = (
					"$(inherited)",
					"$(PROJECT_DIR)/Carthage/Build/iOS",
				);
				INFOPLIST_FILE = 200221_Alamofire/Info.plist;
				IPHONEOS_DEPLOYMENT_TARGET = 12.4;
				LD_RUNPATH_SEARCH_PATHS = (
					"$(inherited)",
					"@executable_path/Frameworks",
				);
				PRODUCT_BUNDLE_IDENTIFIER = "demianjun.alamofire.-00221-Alamofire";
				PRODUCT_NAME = "$(TARGET_NAME)";
				SWIFT_VERSION = 5.0;
				TARGETED_DEVICE_FAMILY = "1,2";
			};
			name = Release;
		};
/* End XCBuildConfiguration section */

/* Begin XCConfigurationList section */
		AD59B71823FF9DC0005E750A /* Build configuration list for PBXProject "200221_Alamofire" */ = {
			isa = XCConfigurationList;
			buildConfigurations = (
				AD59B72F23FF9DC3005E750A /* Debug */,
				AD59B73023FF9DC3005E750A /* Release */,
			);
			defaultConfigurationIsVisible = 0;
			defaultConfigurationName = Release;
		};
		AD59B73123FF9DC3005E750A /* Build configuration list for PBXNativeTarget "200221_Alamofire" */ = {
			isa = XCConfigurationList;
			buildConfigurations = (
				AD59B73223FF9DC3005E750A /* Debug */,
				AD59B73323FF9DC3005E750A /* Release */,
			);
			defaultConfigurationIsVisible = 0;
			defaultConfigurationName = Release;
		};
/* End XCConfigurationList section */
	};
	rootObject = AD59B71523FF9DC0005E750A /* Project object */;
}
