// !$*UTF8*$!
{
	archiveVersion = 1;
	classes = {
	};
	objectVersion = 50;
	objects = {

/* Begin PBXBuildFile section */
		AD7EF596241F396100E61047 /* AppDelegate.swift in Sources */ = {isa = PBXBuildFile; fileRef = AD7EF595241F396100E61047 /* AppDelegate.swift */; };
		AD7EF598241F396100E61047 /* SceneDelegate.swift in Sources */ = {isa = PBXBuildFile; fileRef = AD7EF597241F396100E61047 /* SceneDelegate.swift */; };
		AD7EF59A241F396100E61047 /* ContentView.swift in Sources */ = {isa = PBXBuildFile; fileRef = AD7EF599241F396100E61047 /* ContentView.swift */; };
		AD7EF59C241F396700E61047 /* Assets.xcassets in Resources */ = {isa = PBXBuildFile; fileRef = AD7EF59B241F396700E61047 /* Assets.xcassets */; };
		AD7EF59F241F396700E61047 /* Preview Assets.xcassets in Resources */ = {isa = PBXBuildFile; fileRef = AD7EF59E241F396700E61047 /* Preview Assets.xcassets */; };
		AD7EF5A2241F396700E61047 /* LaunchScreen.storyboard in Resources */ = {isa = PBXBuildFile; fileRef = AD7EF5A0241F396700E61047 /* LaunchScreen.storyboard */; };
/* End PBXBuildFile section */

/* Begin PBXFileReference section */
		AD7EF592241F396100E61047 /* 20020316_SwiftUIPractice.app */ = {isa = PBXFileReference; explicitFileType = wrapper.application; includeInIndex = 0; path = 20020316_SwiftUIPractice.app; sourceTree = BUILT_PRODUCTS_DIR; };
		AD7EF595241F396100E61047 /* AppDelegate.swift */ = {isa = PBXFileReference; lastKnownFileType = sourcecode.swift; path = AppDelegate.swift; sourceTree = "<group>"; };
		AD7EF597241F396100E61047 /* SceneDelegate.swift */ = {isa = PBXFileReference; lastKnownFileType = sourcecode.swift; path = SceneDelegate.swift; sourceTree = "<group>"; };
		AD7EF599241F396100E61047 /* ContentView.swift */ = {isa = PBXFileReference; lastKnownFileType = sourcecode.swift; path = ContentView.swift; sourceTree = "<group>"; };
		AD7EF59B241F396700E61047 /* Assets.xcassets */ = {isa = PBXFileReference; lastKnownFileType = folder.assetcatalog; path = Assets.xcassets; sourceTree = "<group>"; };
		AD7EF59E241F396700E61047 /* Preview Assets.xcassets */ = {isa = PBXFileReference; lastKnownFileType = folder.assetcatalog; path = "Preview Assets.xcassets"; sourceTree = "<group>"; };
		AD7EF5A1241F396700E61047 /* Base */ = {isa = PBXFileReference; lastKnownFileType = file.storyboard; name = Base; path = Base.lproj/LaunchScreen.storyboard; sourceTree = "<group>"; };
		AD7EF5A3241F396700E61047 /* Info.plist */ = {isa = PBXFileReference; lastKnownFileType = text.plist.xml; path = Info.plist; sourceTree = "<group>"; };
/* End PBXFileReference section */

/* Begin PBXFrameworksBuildPhase section */
		AD7EF58F241F396100E61047 /* Frameworks */ = {
			isa = PBXFrameworksBuildPhase;
			buildActionMask = 2147483647;
			files = (
			);
			runOnlyForDeploymentPostprocessing = 0;
		};
/* End PBXFrameworksBuildPhase section */

/* Begin PBXGroup section */
		AD7EF589241F396100E61047 = {
			isa = PBXGroup;
			children = (
				AD7EF594241F396100E61047 /* 20020316_SwiftUIPractice */,
				AD7EF593241F396100E61047 /* Products */,
			);
			sourceTree = "<group>";
		};
		AD7EF593241F396100E61047 /* Products */ = {
			isa = PBXGroup;
			children = (
				AD7EF592241F396100E61047 /* 20020316_SwiftUIPractice.app */,
			);
			name = Products;
			sourceTree = "<group>";
		};
		AD7EF594241F396100E61047 /* 20020316_SwiftUIPractice */ = {
			isa = PBXGroup;
			children = (
				AD7EF595241F396100E61047 /* AppDelegate.swift */,
				AD7EF597241F396100E61047 /* SceneDelegate.swift */,
				AD7EF599241F396100E61047 /* ContentView.swift */,
				AD7EF59B241F396700E61047 /* Assets.xcassets */,
				AD7EF5A0241F396700E61047 /* LaunchScreen.storyboard */,
				AD7EF5A3241F396700E61047 /* Info.plist */,
				AD7EF59D241F396700E61047 /* Preview Content */,
			);
			path = 20020316_SwiftUIPractice;
			sourceTree = "<group>";
		};
		AD7EF59D241F396700E61047 /* Preview Content */ = {
			isa = PBXGroup;
			children = (
				AD7EF59E241F396700E61047 /* Preview Assets.xcassets */,
			);
			path = "Preview Content";
			sourceTree = "<group>";
		};
/* End PBXGroup section */

/* Begin PBXNativeTarget section */
		AD7EF591241F396100E61047 /* 20020316_SwiftUIPractice */ = {
			isa = PBXNativeTarget;
			buildConfigurationList = AD7EF5A6241F396700E61047 /* Build configuration list for PBXNativeTarget "20020316_SwiftUIPractice" */;
			buildPhases = (
				AD7EF58E241F396100E61047 /* Sources */,
				AD7EF58F241F396100E61047 /* Frameworks */,
				AD7EF590241F396100E61047 /* Resources */,
			);
			buildRules = (
			);
			dependencies = (
			);
			name = 20020316_SwiftUIPractice;
			productName = 20020316_SwiftUIPractice;
			productReference = AD7EF592241F396100E61047 /* 20020316_SwiftUIPractice.app */;
			productType = "com.apple.product-type.application";
		};
/* End PBXNativeTarget section */

/* Begin PBXProject section */
		AD7EF58A241F396100E61047 /* Project object */ = {
			isa = PBXProject;
			attributes = {
				LastSwiftUpdateCheck = 1130;
				LastUpgradeCheck = 1130;
				ORGANIZATIONNAME = Demian;
				TargetAttributes = {
					AD7EF591241F396100E61047 = {
						CreatedOnToolsVersion = 11.3.1;
					};
				};
			};
			buildConfigurationList = AD7EF58D241F396100E61047 /* Build configuration list for PBXProject "20020316_SwiftUIPractice" */;
			compatibilityVersion = "Xcode 9.3";
			developmentRegion = en;
			hasScannedForEncodings = 0;
			knownRegions = (
				en,
				Base,
			);
			mainGroup = AD7EF589241F396100E61047;
			productRefGroup = AD7EF593241F396100E61047 /* Products */;
			projectDirPath = "";
			projectRoot = "";
			targets = (
				AD7EF591241F396100E61047 /* 20020316_SwiftUIPractice */,
			);
		};
/* End PBXProject section */

/* Begin PBXResourcesBuildPhase section */
		AD7EF590241F396100E61047 /* Resources */ = {
			isa = PBXResourcesBuildPhase;
			buildActionMask = 2147483647;
			files = (
				AD7EF5A2241F396700E61047 /* LaunchScreen.storyboard in Resources */,
				AD7EF59F241F396700E61047 /* Preview Assets.xcassets in Resources */,
				AD7EF59C241F396700E61047 /* Assets.xcassets in Resources */,
			);
			runOnlyForDeploymentPostprocessing = 0;
		};
/* End PBXResourcesBuildPhase section */

/* Begin PBXSourcesBuildPhase section */
		AD7EF58E241F396100E61047 /* Sources */ = {
			isa = PBXSourcesBuildPhase;
			buildActionMask = 2147483647;
			files = (
				AD7EF596241F396100E61047 /* AppDelegate.swift in Sources */,
				AD7EF598241F396100E61047 /* SceneDelegate.swift in Sources */,
				AD7EF59A241F396100E61047 /* ContentView.swift in Sources */,
			);
			runOnlyForDeploymentPostprocessing = 0;
		};
/* End PBXSourcesBuildPhase section */

/* Begin PBXVariantGroup section */
		AD7EF5A0241F396700E61047 /* LaunchScreen.storyboard */ = {
			isa = PBXVariantGroup;
			children = (
				AD7EF5A1241F396700E61047 /* Base */,
			);
			name = LaunchScreen.storyboard;
			sourceTree = "<group>";
		};
/* End PBXVariantGroup section */

/* Begin XCBuildConfiguration section */
		AD7EF5A4241F396700E61047 /* Debug */ = {
			isa = XCBuildConfiguration;
			buildSettings = {
				ALWAYS_SEARCH_USER_PATHS = NO;
				CLANG_ANALYZER_NONNULL = YES;
				CLANG_ANALYZER_NUMBER_OBJECT_CONVERSION = YES_AGGRESSIVE;
				CLANG_CXX_LANGUAGE_STANDARD = "gnu++14";
				CLANG_CXX_LIBRARY = "libc++";
				CLANG_ENABLE_MODULES = YES;
				CLANG_ENABLE_OBJC_ARC = YES;
				CLANG_ENABLE_OBJC_WEAK = YES;
				CLANG_WARN_BLOCK_CAPTURE_AUTORELEASING = YES;
				CLANG_WARN_BOOL_CONVERSION = YES;
				CLANG_WARN_COMMA = YES;
				CLANG_WARN_CONSTANT_CONVERSION = YES;
				CLANG_WARN_DEPRECATED_OBJC_IMPLEMENTATIONS = YES;
				CLANG_WARN_DIRECT_OBJC_ISA_USAGE = YES_ERROR;
				CLANG_WARN_DOCUMENTATION_COMMENTS = YES;
				CLANG_WARN_EMPTY_BODY = YES;
				CLANG_WARN_ENUM_CONVERSION = YES;
				CLANG_WARN_INFINITE_RECURSION = YES;
				CLANG_WARN_INT_CONVERSION = YES;
				CLANG_WARN_NON_LITERAL_NULL_CONVERSION = YES;
				CLANG_WARN_OBJC_IMPLICIT_RETAIN_SELF = YES;
				CLANG_WARN_OBJC_LITERAL_CONVERSION = YES;
				CLANG_WARN_OBJC_ROOT_CLASS = YES_ERROR;
				CLANG_WARN_RANGE_LOOP_ANALYSIS = YES;
				CLANG_WARN_STRICT_PROTOTYPES = YES;
				CLANG_WARN_SUSPICIOUS_MOVE = YES;
				CLANG_WARN_UNGUARDED_AVAILABILITY = YES_AGGRESSIVE;
				CLANG_WARN_UNREACHABLE_CODE = YES;
				CLANG_WARN__DUPLICATE_METHOD_MATCH = YES;
				COPY_PHASE_STRIP = NO;
				DEBUG_INFORMATION_FORMAT = dwarf;
				ENABLE_STRICT_OBJC_MSGSEND = YES;
				ENABLE_TESTABILITY = YES;
				GCC_C_LANGUAGE_STANDARD = gnu11;
				GCC_DYNAMIC_NO_PIC = NO;
				GCC_NO_COMMON_BLOCKS = YES;
				GCC_OPTIMIZATION_LEVEL = 0;
				GCC_PREPROCESSOR_DEFINITIONS = (
					"DEBUG=1",
					"$(inherited)",
				);
				GCC_WARN_64_TO_32_BIT_CONVERSION = YES;
				GCC_WARN_ABOUT_RETURN_TYPE = YES_ERROR;
				GCC_WARN_UNDECLARED_SELECTOR = YES;
				GCC_WARN_UNINITIALIZED_AUTOS = YES_AGGRESSIVE;
				GCC_WARN_UNUSED_FUNCTION = YES;
				GCC_WARN_UNUSED_VARIABLE = YES;
				IPHONEOS_DEPLOYMENT_TARGET = 13.2;
				MTL_ENABLE_DEBUG_INFO = INCLUDE_SOURCE;
				MTL_FAST_MATH = YES;
				ONLY_ACTIVE_ARCH = YES;
				SDKROOT = iphoneos;
				SWIFT_ACTIVE_COMPILATION_CONDITIONS = DEBUG;
				SWIFT_OPTIMIZATION_LEVEL = "-Onone";
			};
			name = Debug;
		};
		AD7EF5A5241F396700E61047 /* Release */ = {
			isa = XCBuildConfiguration;
			buildSettings = {
				ALWAYS_SEARCH_USER_PATHS = NO;
				CLANG_ANALYZER_NONNULL = YES;
				CLANG_ANALYZER_NUMBER_OBJECT_CONVERSION = YES_AGGRESSIVE;
				CLANG_CXX_LANGUAGE_STANDARD = "gnu++14";
				CLANG_CXX_LIBRARY = "libc++";
				CLANG_ENABLE_MODULES = YES;
				CLANG_ENABLE_OBJC_ARC = YES;
				CLANG_ENABLE_OBJC_WEAK = YES;
				CLANG_WARN_BLOCK_CAPTURE_AUTORELEASING = YES;
				CLANG_WARN_BOOL_CONVERSION = YES;
				CLANG_WARN_COMMA = YES;
				CLANG_WARN_CONSTANT_CONVERSION = YES;
				CLANG_WARN_DEPRECATED_OBJC_IMPLEMENTATIONS = YES;
				CLANG_WARN_DIRECT_OBJC_ISA_USAGE = YES_ERROR;
				CLANG_WARN_DOCUMENTATION_COMMENTS = YES;
				CLANG_WARN_EMPTY_BODY = YES;
				CLANG_WARN_ENUM_CONVERSION = YES;
				CLANG_WARN_INFINITE_RECURSION = YES;
				CLANG_WARN_INT_CONVERSION = YES;
				CLANG_WARN_NON_LITERAL_NULL_CONVERSION = YES;
				CLANG_WARN_OBJC_IMPLICIT_RETAIN_SELF = YES;
				CLANG_WARN_OBJC_LITERAL_CONVERSION = YES;
				CLANG_WARN_OBJC_ROOT_CLASS = YES_ERROR;
				CLANG_WARN_RANGE_LOOP_ANALYSIS = YES;
				CLANG_WARN_STRICT_PROTOTYPES = YES;
				CLANG_WARN_SUSPICIOUS_MOVE = YES;
				CLANG_WARN_UNGUARDED_AVAILABILITY = YES_AGGRESSIVE;
				CLANG_WARN_UNREACHABLE_CODE = YES;
				CLANG_WARN__DUPLICATE_METHOD_MATCH = YES;
				COPY_PHASE_STRIP = NO;
				DEBUG_INFORMATION_FORMAT = "dwarf-with-dsym";
				ENABLE_NS_ASSERTIONS = NO;
				ENABLE_STRICT_OBJC_MSGSEND = YES;
				GCC_C_LANGUAGE_STANDARD = gnu11;
				GCC_NO_COMMON_BLOCKS = YES;
				GCC_WARN_64_TO_32_BIT_CONVERSION = YES;
				GCC_WARN_ABOUT_RETURN_TYPE = YES_ERROR;
				GCC_WARN_UNDECLARED_SELECTOR = YES;
				GCC_WARN_UNINITIALIZED_AUTOS = YES_AGGRESSIVE;
				GCC_WARN_UNUSED_FUNCTION = YES;
				GCC_WARN_UNUSED_VARIABLE = YES;
				IPHONEOS_DEPLOYMENT_TARGET = 13.2;
				MTL_ENABLE_DEBUG_INFO = NO;
				MTL_FAST_MATH = YES;
				SDKROOT = iphoneos;
				SWIFT_COMPILATION_MODE = wholemodule;
				SWIFT_OPTIMIZATION_LEVEL = "-O";
				VALIDATE_PRODUCT = YES;
			};
			name = Release;
		};
		AD7EF5A7241F396700E61047 /* Debug */ = {
			isa = XCBuildConfiguration;
			buildSettings = {
				ASSETCATALOG_COMPILER_APPICON_NAME = AppIcon;
				CODE_SIGN_STYLE = Automatic;
				DEVELOPMENT_ASSET_PATHS = "\"20020316_SwiftUIPractice/Preview Content\"";
				DEVELOPMENT_TEAM = G4MM77V7NH;
				ENABLE_PREVIEWS = YES;
				INFOPLIST_FILE = 20020316_SwiftUIPractice/Info.plist;
				LD_RUNPATH_SEARCH_PATHS = (
					"$(inherited)",
					"@executable_path/Frameworks",
				);
				PRODUCT_BUNDLE_IDENTIFIER = "demianjun.swiftui.-0020316-SwiftUIPractice";
				PRODUCT_NAME = "$(TARGET_NAME)";
				SWIFT_VERSION = 5.0;
				TARGETED_DEVICE_FAMILY = "1,2";
			};
			name = Debug;
		};
		AD7EF5A8241F396700E61047 /* Release */ = {
			isa = XCBuildConfiguration;
			buildSettings = {
				ASSETCATALOG_COMPILER_APPICON_NAME = AppIcon;
				CODE_SIGN_STYLE = Automatic;
				DEVELOPMENT_ASSET_PATHS = "\"20020316_SwiftUIPractice/Preview Content\"";
				DEVELOPMENT_TEAM = G4MM77V7NH;
				ENABLE_PREVIEWS = YES;
				INFOPLIST_FILE = 20020316_SwiftUIPractice/Info.plist;
				LD_RUNPATH_SEARCH_PATHS = (
					"$(inherited)",
					"@executable_path/Frameworks",
				);
				PRODUCT_BUNDLE_IDENTIFIER = "demianjun.swiftui.-0020316-SwiftUIPractice";
				PRODUCT_NAME = "$(TARGET_NAME)";
				SWIFT_VERSION = 5.0;
				TARGETED_DEVICE_FAMILY = "1,2";
			};
			name = Release;
		};
/* End XCBuildConfiguration section */

/* Begin XCConfigurationList section */
		AD7EF58D241F396100E61047 /* Build configuration list for PBXProject "20020316_SwiftUIPractice" */ = {
			isa = XCConfigurationList;
			buildConfigurations = (
				AD7EF5A4241F396700E61047 /* Debug */,
				AD7EF5A5241F396700E61047 /* Release */,
			);
			defaultConfigurationIsVisible = 0;
			defaultConfigurationName = Release;
		};
		AD7EF5A6241F396700E61047 /* Build configuration list for PBXNativeTarget "20020316_SwiftUIPractice" */ = {
			isa = XCConfigurationList;
			buildConfigurations = (
				AD7EF5A7241F396700E61047 /* Debug */,
				AD7EF5A8241F396700E61047 /* Release */,
			);
			defaultConfigurationIsVisible = 0;
			defaultConfigurationName = Release;
		};
/* End XCConfigurationList section */
	};
	rootObject = AD7EF58A241F396100E61047 /* Project object */;
}
