// !$*UTF8*$!
{
	archiveVersion = 1;
	classes = {
	};
	objectVersion = 50;
	objects = {

/* Begin PBXBuildFile section */
		AD27C30F238CDE6000AF4DBF /* AppDelegate.swift in Sources */ = {isa = PBXBuildFile; fileRef = AD27C30E238CDE6000AF4DBF /* AppDelegate.swift */; };
		AD27C311238CDE6000AF4DBF /* SceneDelegate.swift in Sources */ = {isa = PBXBuildFile; fileRef = AD27C310238CDE6000AF4DBF /* SceneDelegate.swift */; };
		AD27C313238CDE6000AF4DBF /* ViewController.swift in Sources */ = {isa = PBXBuildFile; fileRef = AD27C312238CDE6000AF4DBF /* ViewController.swift */; };
		AD27C316238CDE6000AF4DBF /* Main.storyboard in Resources */ = {isa = PBXBuildFile; fileRef = AD27C314238CDE6000AF4DBF /* Main.storyboard */; };
		AD27C318238CDE6500AF4DBF /* Assets.xcassets in Resources */ = {isa = PBXBuildFile; fileRef = AD27C317238CDE6500AF4DBF /* Assets.xcassets */; };
		AD27C31B238CDE6500AF4DBF /* LaunchScreen.storyboard in Resources */ = {isa = PBXBuildFile; fileRef = AD27C319238CDE6500AF4DBF /* LaunchScreen.storyboard */; };
/* End PBXBuildFile section */

/* Begin PBXFileReference section */
		AD27C30B238CDE6000AF4DBF /* 191126_UITextField.app */ = {isa = PBXFileReference; explicitFileType = wrapper.application; includeInIndex = 0; path = 191126_UITextField.app; sourceTree = BUILT_PRODUCTS_DIR; };
		AD27C30E238CDE6000AF4DBF /* AppDelegate.swift */ = {isa = PBXFileReference; lastKnownFileType = sourcecode.swift; path = AppDelegate.swift; sourceTree = "<group>"; };
		AD27C310238CDE6000AF4DBF /* SceneDelegate.swift */ = {isa = PBXFileReference; lastKnownFileType = sourcecode.swift; path = SceneDelegate.swift; sourceTree = "<group>"; };
		AD27C312238CDE6000AF4DBF /* ViewController.swift */ = {isa = PBXFileReference; lastKnownFileType = sourcecode.swift; path = ViewController.swift; sourceTree = "<group>"; };
		AD27C315238CDE6000AF4DBF /* Base */ = {isa = PBXFileReference; lastKnownFileType = file.storyboard; name = Base; path = Base.lproj/Main.storyboard; sourceTree = "<group>"; };
		AD27C317238CDE6500AF4DBF /* Assets.xcassets */ = {isa = PBXFileReference; lastKnownFileType = folder.assetcatalog; path = Assets.xcassets; sourceTree = "<group>"; };
		AD27C31A238CDE6500AF4DBF /* Base */ = {isa = PBXFileReference; lastKnownFileType = file.storyboard; name = Base; path = Base.lproj/LaunchScreen.storyboard; sourceTree = "<group>"; };
		AD27C31C238CDE6500AF4DBF /* Info.plist */ = {isa = PBXFileReference; lastKnownFileType = text.plist.xml; path = Info.plist; sourceTree = "<group>"; };
/* End PBXFileReference section */

/* Begin PBXFrameworksBuildPhase section */
		AD27C308238CDE6000AF4DBF /* Frameworks */ = {
			isa = PBXFrameworksBuildPhase;
			buildActionMask = 2147483647;
			files = (
			);
			runOnlyForDeploymentPostprocessing = 0;
		};
/* End PBXFrameworksBuildPhase section */

/* Begin PBXGroup section */
		AD27C302238CDE6000AF4DBF = {
			isa = PBXGroup;
			children = (
				AD27C30D238CDE6000AF4DBF /* 191126_UITextField */,
				AD27C30C238CDE6000AF4DBF /* Products */,
			);
			sourceTree = "<group>";
		};
		AD27C30C238CDE6000AF4DBF /* Products */ = {
			isa = PBXGroup;
			children = (
				AD27C30B238CDE6000AF4DBF /* 191126_UITextField.app */,
			);
			name = Products;
			sourceTree = "<group>";
		};
		AD27C30D238CDE6000AF4DBF /* 191126_UITextField */ = {
			isa = PBXGroup;
			children = (
				AD27C30E238CDE6000AF4DBF /* AppDelegate.swift */,
				AD27C310238CDE6000AF4DBF /* SceneDelegate.swift */,
				AD27C312238CDE6000AF4DBF /* ViewController.swift */,
				AD27C314238CDE6000AF4DBF /* Main.storyboard */,
				AD27C317238CDE6500AF4DBF /* Assets.xcassets */,
				AD27C319238CDE6500AF4DBF /* LaunchScreen.storyboard */,
				AD27C31C238CDE6500AF4DBF /* Info.plist */,
			);
			path = 191126_UITextField;
			sourceTree = "<group>";
		};
/* End PBXGroup section */

/* Begin PBXNativeTarget section */
		AD27C30A238CDE6000AF4DBF /* 191126_UITextField */ = {
			isa = PBXNativeTarget;
			buildConfigurationList = AD27C31F238CDE6500AF4DBF /* Build configuration list for PBXNativeTarget "191126_UITextField" */;
			buildPhases = (
				AD27C307238CDE6000AF4DBF /* Sources */,
				AD27C308238CDE6000AF4DBF /* Frameworks */,
				AD27C309238CDE6000AF4DBF /* Resources */,
			);
			buildRules = (
			);
			dependencies = (
			);
			name = 191126_UITextField;
			productName = 191126_UITextField;
			productReference = AD27C30B238CDE6000AF4DBF /* 191126_UITextField.app */;
			productType = "com.apple.product-type.application";
		};
/* End PBXNativeTarget section */

/* Begin PBXProject section */
		AD27C303238CDE6000AF4DBF /* Project object */ = {
			isa = PBXProject;
			attributes = {
				LastSwiftUpdateCheck = 1120;
				LastUpgradeCheck = 1120;
				ORGANIZATIONNAME = Demian;
				TargetAttributes = {
					AD27C30A238CDE6000AF4DBF = {
						CreatedOnToolsVersion = 11.2.1;
					};
				};
			};
			buildConfigurationList = AD27C306238CDE6000AF4DBF /* Build configuration list for PBXProject "191126_UITextField" */;
			compatibilityVersion = "Xcode 9.3";
			developmentRegion = en;
			hasScannedForEncodings = 0;
			knownRegions = (
				en,
				Base,
			);
			mainGroup = AD27C302238CDE6000AF4DBF;
			productRefGroup = AD27C30C238CDE6000AF4DBF /* Products */;
			projectDirPath = "";
			projectRoot = "";
			targets = (
				AD27C30A238CDE6000AF4DBF /* 191126_UITextField */,
			);
		};
/* End PBXProject section */

/* Begin PBXResourcesBuildPhase section */
		AD27C309238CDE6000AF4DBF /* Resources */ = {
			isa = PBXResourcesBuildPhase;
			buildActionMask = 2147483647;
			files = (
				AD27C31B238CDE6500AF4DBF /* LaunchScreen.storyboard in Resources */,
				AD27C318238CDE6500AF4DBF /* Assets.xcassets in Resources */,
				AD27C316238CDE6000AF4DBF /* Main.storyboard in Resources */,
			);
			runOnlyForDeploymentPostprocessing = 0;
		};
/* End PBXResourcesBuildPhase section */

/* Begin PBXSourcesBuildPhase section */
		AD27C307238CDE6000AF4DBF /* Sources */ = {
			isa = PBXSourcesBuildPhase;
			buildActionMask = 2147483647;
			files = (
				AD27C313238CDE6000AF4DBF /* ViewController.swift in Sources */,
				AD27C30F238CDE6000AF4DBF /* AppDelegate.swift in Sources */,
				AD27C311238CDE6000AF4DBF /* SceneDelegate.swift in Sources */,
			);
			runOnlyForDeploymentPostprocessing = 0;
		};
/* End PBXSourcesBuildPhase section */

/* Begin PBXVariantGroup section */
		AD27C314238CDE6000AF4DBF /* Main.storyboard */ = {
			isa = PBXVariantGroup;
			children = (
				AD27C315238CDE6000AF4DBF /* Base */,
			);
			name = Main.storyboard;
			sourceTree = "<group>";
		};
		AD27C319238CDE6500AF4DBF /* LaunchScreen.storyboard */ = {
			isa = PBXVariantGroup;
			children = (
				AD27C31A238CDE6500AF4DBF /* Base */,
			);
			name = LaunchScreen.storyboard;
			sourceTree = "<group>";
		};
/* End PBXVariantGroup section */

/* Begin XCBuildConfiguration section */
		AD27C31D238CDE6500AF4DBF /* Debug */ = {
			isa = XCBuildConfiguration;
			buildSettings = {
				ALWAYS_SEARCH_USER_PATHS = NO;
				CLANG_ANALYZER_NONNULL = YES;
				CLANG_ANALYZER_NUMBER_OBJECT_CONVERSION = YES_AGGRESSIVE;
				CLANG_CXX_LANGUAGE_STANDARD = "gnu++14";
				CLANG_CXX_LIBRARY = "libc++";
				CLANG_ENABLE_MODULES = YES;
				CLANG_ENABLE_OBJC_ARC = YES;
				CLANG_ENABLE_OBJC_WEAK = YES;
				CLANG_WARN_BLOCK_CAPTURE_AUTORELEASING = YES;
				CLANG_WARN_BOOL_CONVERSION = YES;
				CLANG_WARN_COMMA = YES;
				CLANG_WARN_CONSTANT_CONVERSION = YES;
				CLANG_WARN_DEPRECATED_OBJC_IMPLEMENTATIONS = YES;
				CLANG_WARN_DIRECT_OBJC_ISA_USAGE = YES_ERROR;
				CLANG_WARN_DOCUMENTATION_COMMENTS = YES;
				CLANG_WARN_EMPTY_BODY = YES;
				CLANG_WARN_ENUM_CONVERSION = YES;
				CLANG_WARN_INFINITE_RECURSION = YES;
				CLANG_WARN_INT_CONVERSION = YES;
				CLANG_WARN_NON_LITERAL_NULL_CONVERSION = YES;
				CLANG_WARN_OBJC_IMPLICIT_RETAIN_SELF = YES;
				CLANG_WARN_OBJC_LITERAL_CONVERSION = YES;
				CLANG_WARN_OBJC_ROOT_CLASS = YES_ERROR;
				CLANG_WARN_RANGE_LOOP_ANALYSIS = YES;
				CLANG_WARN_STRICT_PROTOTYPES = YES;
				CLANG_WARN_SUSPICIOUS_MOVE = YES;
				CLANG_WARN_UNGUARDED_AVAILABILITY = YES_AGGRESSIVE;
				CLANG_WARN_UNREACHABLE_CODE = YES;
				CLANG_WARN__DUPLICATE_METHOD_MATCH = YES;
				COPY_PHASE_STRIP = NO;
				DEBUG_INFORMATION_FORMAT = dwarf;
				ENABLE_STRICT_OBJC_MSGSEND = YES;
				ENABLE_TESTABILITY = YES;
				GCC_C_LANGUAGE_STANDARD = gnu11;
				GCC_DYNAMIC_NO_PIC = NO;
				GCC_NO_COMMON_BLOCKS = YES;
				GCC_OPTIMIZATION_LEVEL = 0;
				GCC_PREPROCESSOR_DEFINITIONS = (
					"DEBUG=1",
					"$(inherited)",
				);
				GCC_WARN_64_TO_32_BIT_CONVERSION = YES;
				GCC_WARN_ABOUT_RETURN_TYPE = YES_ERROR;
				GCC_WARN_UNDECLARED_SELECTOR = YES;
				GCC_WARN_UNINITIALIZED_AUTOS = YES_AGGRESSIVE;
				GCC_WARN_UNUSED_FUNCTION = YES;
				GCC_WARN_UNUSED_VARIABLE = YES;
				IPHONEOS_DEPLOYMENT_TARGET = 13.2;
				MTL_ENABLE_DEBUG_INFO = INCLUDE_SOURCE;
				MTL_FAST_MATH = YES;
				ONLY_ACTIVE_ARCH = YES;
				SDKROOT = iphoneos;
				SWIFT_ACTIVE_COMPILATION_CONDITIONS = DEBUG;
				SWIFT_OPTIMIZATION_LEVEL = "-Onone";
			};
			name = Debug;
		};
		AD27C31E238CDE6500AF4DBF /* Release */ = {
			isa = XCBuildConfiguration;
			buildSettings = {
				ALWAYS_SEARCH_USER_PATHS = NO;
				CLANG_ANALYZER_NONNULL = YES;
				CLANG_ANALYZER_NUMBER_OBJECT_CONVERSION = YES_AGGRESSIVE;
				CLANG_CXX_LANGUAGE_STANDARD = "gnu++14";
				CLANG_CXX_LIBRARY = "libc++";
				CLANG_ENABLE_MODULES = YES;
				CLANG_ENABLE_OBJC_ARC = YES;
				CLANG_ENABLE_OBJC_WEAK = YES;
				CLANG_WARN_BLOCK_CAPTURE_AUTORELEASING = YES;
				CLANG_WARN_BOOL_CONVERSION = YES;
				CLANG_WARN_COMMA = YES;
				CLANG_WARN_CONSTANT_CONVERSION = YES;
				CLANG_WARN_DEPRECATED_OBJC_IMPLEMENTATIONS = YES;
				CLANG_WARN_DIRECT_OBJC_ISA_USAGE = YES_ERROR;
				CLANG_WARN_DOCUMENTATION_COMMENTS = YES;
				CLANG_WARN_EMPTY_BODY = YES;
				CLANG_WARN_ENUM_CONVERSION = YES;
				CLANG_WARN_INFINITE_RECURSION = YES;
				CLANG_WARN_INT_CONVERSION = YES;
				CLANG_WARN_NON_LITERAL_NULL_CONVERSION = YES;
				CLANG_WARN_OBJC_IMPLICIT_RETAIN_SELF = YES;
				CLANG_WARN_OBJC_LITERAL_CONVERSION = YES;
				CLANG_WARN_OBJC_ROOT_CLASS = YES_ERROR;
				CLANG_WARN_RANGE_LOOP_ANALYSIS = YES;
				CLANG_WARN_STRICT_PROTOTYPES = YES;
				CLANG_WARN_SUSPICIOUS_MOVE = YES;
				CLANG_WARN_UNGUARDED_AVAILABILITY = YES_AGGRESSIVE;
				CLANG_WARN_UNREACHABLE_CODE = YES;
				CLANG_WARN__DUPLICATE_METHOD_MATCH = YES;
				COPY_PHASE_STRIP = NO;
				DEBUG_INFORMATION_FORMAT = "dwarf-with-dsym";
				ENABLE_NS_ASSERTIONS = NO;
				ENABLE_STRICT_OBJC_MSGSEND = YES;
				GCC_C_LANGUAGE_STANDARD = gnu11;
				GCC_NO_COMMON_BLOCKS = YES;
				GCC_WARN_64_TO_32_BIT_CONVERSION = YES;
				GCC_WARN_ABOUT_RETURN_TYPE = YES_ERROR;
				GCC_WARN_UNDECLARED_SELECTOR = YES;
				GCC_WARN_UNINITIALIZED_AUTOS = YES_AGGRESSIVE;
				GCC_WARN_UNUSED_FUNCTION = YES;
				GCC_WARN_UNUSED_VARIABLE = YES;
				IPHONEOS_DEPLOYMENT_TARGET = 13.2;
				MTL_ENABLE_DEBUG_INFO = NO;
				MTL_FAST_MATH = YES;
				SDKROOT = iphoneos;
				SWIFT_COMPILATION_MODE = wholemodule;
				SWIFT_OPTIMIZATION_LEVEL = "-O";
				VALIDATE_PRODUCT = YES;
			};
			name = Release;
		};
		AD27C320238CDE6500AF4DBF /* Debug */ = {
			isa = XCBuildConfiguration;
			buildSettings = {
				ASSETCATALOG_COMPILER_APPICON_NAME = AppIcon;
				CODE_SIGN_STYLE = Automatic;
				INFOPLIST_FILE = 191126_UITextField/Info.plist;
				LD_RUNPATH_SEARCH_PATHS = (
					"$(inherited)",
					"@executable_path/Frameworks",
				);
				PRODUCT_BUNDLE_IDENTIFIER = "org.techtown.-91126-UITextField";
				PRODUCT_NAME = "$(TARGET_NAME)";
				SWIFT_VERSION = 5.0;
				TARGETED_DEVICE_FAMILY = "1,2";
			};
			name = Debug;
		};
		AD27C321238CDE6500AF4DBF /* Release */ = {
			isa = XCBuildConfiguration;
			buildSettings = {
				ASSETCATALOG_COMPILER_APPICON_NAME = AppIcon;
				CODE_SIGN_STYLE = Automatic;
				INFOPLIST_FILE = 191126_UITextField/Info.plist;
				LD_RUNPATH_SEARCH_PATHS = (
					"$(inherited)",
					"@executable_path/Frameworks",
				);
				PRODUCT_BUNDLE_IDENTIFIER = "org.techtown.-91126-UITextField";
				PRODUCT_NAME = "$(TARGET_NAME)";
				SWIFT_VERSION = 5.0;
				TARGETED_DEVICE_FAMILY = "1,2";
			};
			name = Release;
		};
/* End XCBuildConfiguration section */

/* Begin XCConfigurationList section */
		AD27C306238CDE6000AF4DBF /* Build configuration list for PBXProject "191126_UITextField" */ = {
			isa = XCConfigurationList;
			buildConfigurations = (
				AD27C31D238CDE6500AF4DBF /* Debug */,
				AD27C31E238CDE6500AF4DBF /* Release */,
			);
			defaultConfigurationIsVisible = 0;
			defaultConfigurationName = Release;
		};
		AD27C31F238CDE6500AF4DBF /* Build configuration list for PBXNativeTarget "191126_UITextField" */ = {
			isa = XCConfigurationList;
			buildConfigurations = (
				AD27C320238CDE6500AF4DBF /* Debug */,
				AD27C321238CDE6500AF4DBF /* Release */,
			);
			defaultConfigurationIsVisible = 0;
			defaultConfigurationName = Release;
		};
/* End XCConfigurationList section */
	};
	rootObject = AD27C303238CDE6000AF4DBF /* Project object */;
}
