// !$*UTF8*$!
{
	archiveVersion = 1;
	classes = {
	};
	objectVersion = 50;
	objects = {

/* Begin PBXBuildFile section */
		ADD5407923A1F81700E27A1A /* AppDelegate.swift in Sources */ = {isa = PBXBuildFile; fileRef = ADD5407823A1F81700E27A1A /* AppDelegate.swift */; };
		ADD5407B23A1F81700E27A1A /* SceneDelegate.swift in Sources */ = {isa = PBXBuildFile; fileRef = ADD5407A23A1F81700E27A1A /* SceneDelegate.swift */; };
		ADD5407D23A1F81700E27A1A /* ViewController.swift in Sources */ = {isa = PBXBuildFile; fileRef = ADD5407C23A1F81700E27A1A /* ViewController.swift */; };
		ADD5408023A1F81700E27A1A /* Main.storyboard in Resources */ = {isa = PBXBuildFile; fileRef = ADD5407E23A1F81700E27A1A /* Main.storyboard */; };
		ADD5408223A1F81C00E27A1A /* Assets.xcassets in Resources */ = {isa = PBXBuildFile; fileRef = ADD5408123A1F81C00E27A1A /* Assets.xcassets */; };
		ADD5408523A1F81C00E27A1A /* LaunchScreen.storyboard in Resources */ = {isa = PBXBuildFile; fileRef = ADD5408323A1F81C00E27A1A /* LaunchScreen.storyboard */; };
/* End PBXBuildFile section */

/* Begin PBXFileReference section */
		ADD5407523A1F81700E27A1A /* 191212_AutoLayOut.app */ = {isa = PBXFileReference; explicitFileType = wrapper.application; includeInIndex = 0; path = 191212_AutoLayOut.app; sourceTree = BUILT_PRODUCTS_DIR; };
		ADD5407823A1F81700E27A1A /* AppDelegate.swift */ = {isa = PBXFileReference; lastKnownFileType = sourcecode.swift; path = AppDelegate.swift; sourceTree = "<group>"; };
		ADD5407A23A1F81700E27A1A /* SceneDelegate.swift */ = {isa = PBXFileReference; lastKnownFileType = sourcecode.swift; path = SceneDelegate.swift; sourceTree = "<group>"; };
		ADD5407C23A1F81700E27A1A /* ViewController.swift */ = {isa = PBXFileReference; lastKnownFileType = sourcecode.swift; path = ViewController.swift; sourceTree = "<group>"; };
		ADD5407F23A1F81700E27A1A /* Base */ = {isa = PBXFileReference; lastKnownFileType = file.storyboard; name = Base; path = Base.lproj/Main.storyboard; sourceTree = "<group>"; };
		ADD5408123A1F81C00E27A1A /* Assets.xcassets */ = {isa = PBXFileReference; lastKnownFileType = folder.assetcatalog; path = Assets.xcassets; sourceTree = "<group>"; };
		ADD5408423A1F81C00E27A1A /* Base */ = {isa = PBXFileReference; lastKnownFileType = file.storyboard; name = Base; path = Base.lproj/LaunchScreen.storyboard; sourceTree = "<group>"; };
		ADD5408623A1F81C00E27A1A /* Info.plist */ = {isa = PBXFileReference; lastKnownFileType = text.plist.xml; path = Info.plist; sourceTree = "<group>"; };
/* End PBXFileReference section */

/* Begin PBXFrameworksBuildPhase section */
		ADD5407223A1F81700E27A1A /* Frameworks */ = {
			isa = PBXFrameworksBuildPhase;
			buildActionMask = 2147483647;
			files = (
			);
			runOnlyForDeploymentPostprocessing = 0;
		};
/* End PBXFrameworksBuildPhase section */

/* Begin PBXGroup section */
		ADD5406C23A1F81700E27A1A = {
			isa = PBXGroup;
			children = (
				ADD5407723A1F81700E27A1A /* 191212_AutoLayOut */,
				ADD5407623A1F81700E27A1A /* Products */,
			);
			sourceTree = "<group>";
		};
		ADD5407623A1F81700E27A1A /* Products */ = {
			isa = PBXGroup;
			children = (
				ADD5407523A1F81700E27A1A /* 191212_AutoLayOut.app */,
			);
			name = Products;
			sourceTree = "<group>";
		};
		ADD5407723A1F81700E27A1A /* 191212_AutoLayOut */ = {
			isa = PBXGroup;
			children = (
				ADD5407823A1F81700E27A1A /* AppDelegate.swift */,
				ADD5407A23A1F81700E27A1A /* SceneDelegate.swift */,
				ADD5407C23A1F81700E27A1A /* ViewController.swift */,
				ADD5407E23A1F81700E27A1A /* Main.storyboard */,
				ADD5408123A1F81C00E27A1A /* Assets.xcassets */,
				ADD5408323A1F81C00E27A1A /* LaunchScreen.storyboard */,
				ADD5408623A1F81C00E27A1A /* Info.plist */,
			);
			path = 191212_AutoLayOut;
			sourceTree = "<group>";
		};
/* End PBXGroup section */

/* Begin PBXNativeTarget section */
		ADD5407423A1F81700E27A1A /* 191212_AutoLayOut */ = {
			isa = PBXNativeTarget;
			buildConfigurationList = ADD5408923A1F81C00E27A1A /* Build configuration list for PBXNativeTarget "191212_AutoLayOut" */;
			buildPhases = (
				ADD5407123A1F81700E27A1A /* Sources */,
				ADD5407223A1F81700E27A1A /* Frameworks */,
				ADD5407323A1F81700E27A1A /* Resources */,
			);
			buildRules = (
			);
			dependencies = (
			);
			name = 191212_AutoLayOut;
			productName = 191212_AutoLayOut;
			productReference = ADD5407523A1F81700E27A1A /* 191212_AutoLayOut.app */;
			productType = "com.apple.product-type.application";
		};
/* End PBXNativeTarget section */

/* Begin PBXProject section */
		ADD5406D23A1F81700E27A1A /* Project object */ = {
			isa = PBXProject;
			attributes = {
				LastSwiftUpdateCheck = 1130;
				LastUpgradeCheck = 1130;
				ORGANIZATIONNAME = Demian;
				TargetAttributes = {
					ADD5407423A1F81700E27A1A = {
						CreatedOnToolsVersion = 11.3;
					};
				};
			};
			buildConfigurationList = ADD5407023A1F81700E27A1A /* Build configuration list for PBXProject "191212_AutoLayOut" */;
			compatibilityVersion = "Xcode 9.3";
			developmentRegion = en;
			hasScannedForEncodings = 0;
			knownRegions = (
				en,
				Base,
			);
			mainGroup = ADD5406C23A1F81700E27A1A;
			productRefGroup = ADD5407623A1F81700E27A1A /* Products */;
			projectDirPath = "";
			projectRoot = "";
			targets = (
				ADD5407423A1F81700E27A1A /* 191212_AutoLayOut */,
			);
		};
/* End PBXProject section */

/* Begin PBXResourcesBuildPhase section */
		ADD5407323A1F81700E27A1A /* Resources */ = {
			isa = PBXResourcesBuildPhase;
			buildActionMask = 2147483647;
			files = (
				ADD5408523A1F81C00E27A1A /* LaunchScreen.storyboard in Resources */,
				ADD5408223A1F81C00E27A1A /* Assets.xcassets in Resources */,
				ADD5408023A1F81700E27A1A /* Main.storyboard in Resources */,
			);
			runOnlyForDeploymentPostprocessing = 0;
		};
/* End PBXResourcesBuildPhase section */

/* Begin PBXSourcesBuildPhase section */
		ADD5407123A1F81700E27A1A /* Sources */ = {
			isa = PBXSourcesBuildPhase;
			buildActionMask = 2147483647;
			files = (
				ADD5407D23A1F81700E27A1A /* ViewController.swift in Sources */,
				ADD5407923A1F81700E27A1A /* AppDelegate.swift in Sources */,
				ADD5407B23A1F81700E27A1A /* SceneDelegate.swift in Sources */,
			);
			runOnlyForDeploymentPostprocessing = 0;
		};
/* End PBXSourcesBuildPhase section */

/* Begin PBXVariantGroup section */
		ADD5407E23A1F81700E27A1A /* Main.storyboard */ = {
			isa = PBXVariantGroup;
			children = (
				ADD5407F23A1F81700E27A1A /* Base */,
			);
			name = Main.storyboard;
			sourceTree = "<group>";
		};
		ADD5408323A1F81C00E27A1A /* LaunchScreen.storyboard */ = {
			isa = PBXVariantGroup;
			children = (
				ADD5408423A1F81C00E27A1A /* Base */,
			);
			name = LaunchScreen.storyboard;
			sourceTree = "<group>";
		};
/* End PBXVariantGroup section */

/* Begin XCBuildConfiguration section */
		ADD5408723A1F81C00E27A1A /* Debug */ = {
			isa = XCBuildConfiguration;
			buildSettings = {
				ALWAYS_SEARCH_USER_PATHS = NO;
				CLANG_ANALYZER_NONNULL = YES;
				CLANG_ANALYZER_NUMBER_OBJECT_CONVERSION = YES_AGGRESSIVE;
				CLANG_CXX_LANGUAGE_STANDARD = "gnu++14";
				CLANG_CXX_LIBRARY = "libc++";
				CLANG_ENABLE_MODULES = YES;
				CLANG_ENABLE_OBJC_ARC = YES;
				CLANG_ENABLE_OBJC_WEAK = YES;
				CLANG_WARN_BLOCK_CAPTURE_AUTORELEASING = YES;
				CLANG_WARN_BOOL_CONVERSION = YES;
				CLANG_WARN_COMMA = YES;
				CLANG_WARN_CONSTANT_CONVERSION = YES;
				CLANG_WARN_DEPRECATED_OBJC_IMPLEMENTATIONS = YES;
				CLANG_WARN_DIRECT_OBJC_ISA_USAGE = YES_ERROR;
				CLANG_WARN_DOCUMENTATION_COMMENTS = YES;
				CLANG_WARN_EMPTY_BODY = YES;
				CLANG_WARN_ENUM_CONVERSION = YES;
				CLANG_WARN_INFINITE_RECURSION = YES;
				CLANG_WARN_INT_CONVERSION = YES;
				CLANG_WARN_NON_LITERAL_NULL_CONVERSION = YES;
				CLANG_WARN_OBJC_IMPLICIT_RETAIN_SELF = YES;
				CLANG_WARN_OBJC_LITERAL_CONVERSION = YES;
				CLANG_WARN_OBJC_ROOT_CLASS = YES_ERROR;
				CLANG_WARN_RANGE_LOOP_ANALYSIS = YES;
				CLANG_WARN_STRICT_PROTOTYPES = YES;
				CLANG_WARN_SUSPICIOUS_MOVE = YES;
				CLANG_WARN_UNGUARDED_AVAILABILITY = YES_AGGRESSIVE;
				CLANG_WARN_UNREACHABLE_CODE = YES;
				CLANG_WARN__DUPLICATE_METHOD_MATCH = YES;
				COPY_PHASE_STRIP = NO;
				DEBUG_INFORMATION_FORMAT = dwarf;
				ENABLE_STRICT_OBJC_MSGSEND = YES;
				ENABLE_TESTABILITY = YES;
				GCC_C_LANGUAGE_STANDARD = gnu11;
				GCC_DYNAMIC_NO_PIC = NO;
				GCC_NO_COMMON_BLOCKS = YES;
				GCC_OPTIMIZATION_LEVEL = 0;
				GCC_PREPROCESSOR_DEFINITIONS = (
					"DEBUG=1",
					"$(inherited)",
				);
				GCC_WARN_64_TO_32_BIT_CONVERSION = YES;
				GCC_WARN_ABOUT_RETURN_TYPE = YES_ERROR;
				GCC_WARN_UNDECLARED_SELECTOR = YES;
				GCC_WARN_UNINITIALIZED_AUTOS = YES_AGGRESSIVE;
				GCC_WARN_UNUSED_FUNCTION = YES;
				GCC_WARN_UNUSED_VARIABLE = YES;
				IPHONEOS_DEPLOYMENT_TARGET = 13.2;
				MTL_ENABLE_DEBUG_INFO = INCLUDE_SOURCE;
				MTL_FAST_MATH = YES;
				ONLY_ACTIVE_ARCH = YES;
				SDKROOT = iphoneos;
				SWIFT_ACTIVE_COMPILATION_CONDITIONS = DEBUG;
				SWIFT_OPTIMIZATION_LEVEL = "-Onone";
			};
			name = Debug;
		};
		ADD5408823A1F81C00E27A1A /* Release */ = {
			isa = XCBuildConfiguration;
			buildSettings = {
				ALWAYS_SEARCH_USER_PATHS = NO;
				CLANG_ANALYZER_NONNULL = YES;
				CLANG_ANALYZER_NUMBER_OBJECT_CONVERSION = YES_AGGRESSIVE;
				CLANG_CXX_LANGUAGE_STANDARD = "gnu++14";
				CLANG_CXX_LIBRARY = "libc++";
				CLANG_ENABLE_MODULES = YES;
				CLANG_ENABLE_OBJC_ARC = YES;
				CLANG_ENABLE_OBJC_WEAK = YES;
				CLANG_WARN_BLOCK_CAPTURE_AUTORELEASING = YES;
				CLANG_WARN_BOOL_CONVERSION = YES;
				CLANG_WARN_COMMA = YES;
				CLANG_WARN_CONSTANT_CONVERSION = YES;
				CLANG_WARN_DEPRECATED_OBJC_IMPLEMENTATIONS = YES;
				CLANG_WARN_DIRECT_OBJC_ISA_USAGE = YES_ERROR;
				CLANG_WARN_DOCUMENTATION_COMMENTS = YES;
				CLANG_WARN_EMPTY_BODY = YES;
				CLANG_WARN_ENUM_CONVERSION = YES;
				CLANG_WARN_INFINITE_RECURSION = YES;
				CLANG_WARN_INT_CONVERSION = YES;
				CLANG_WARN_NON_LITERAL_NULL_CONVERSION = YES;
				CLANG_WARN_OBJC_IMPLICIT_RETAIN_SELF = YES;
				CLANG_WARN_OBJC_LITERAL_CONVERSION = YES;
				CLANG_WARN_OBJC_ROOT_CLASS = YES_ERROR;
				CLANG_WARN_RANGE_LOOP_ANALYSIS = YES;
				CLANG_WARN_STRICT_PROTOTYPES = YES;
				CLANG_WARN_SUSPICIOUS_MOVE = YES;
				CLANG_WARN_UNGUARDED_AVAILABILITY = YES_AGGRESSIVE;
				CLANG_WARN_UNREACHABLE_CODE = YES;
				CLANG_WARN__DUPLICATE_METHOD_MATCH = YES;
				COPY_PHASE_STRIP = NO;
				DEBUG_INFORMATION_FORMAT = "dwarf-with-dsym";
				ENABLE_NS_ASSERTIONS = NO;
				ENABLE_STRICT_OBJC_MSGSEND = YES;
				GCC_C_LANGUAGE_STANDARD = gnu11;
				GCC_NO_COMMON_BLOCKS = YES;
				GCC_WARN_64_TO_32_BIT_CONVERSION = YES;
				GCC_WARN_ABOUT_RETURN_TYPE = YES_ERROR;
				GCC_WARN_UNDECLARED_SELECTOR = YES;
				GCC_WARN_UNINITIALIZED_AUTOS = YES_AGGRESSIVE;
				GCC_WARN_UNUSED_FUNCTION = YES;
				GCC_WARN_UNUSED_VARIABLE = YES;
				IPHONEOS_DEPLOYMENT_TARGET = 13.2;
				MTL_ENABLE_DEBUG_INFO = NO;
				MTL_FAST_MATH = YES;
				SDKROOT = iphoneos;
				SWIFT_COMPILATION_MODE = wholemodule;
				SWIFT_OPTIMIZATION_LEVEL = "-O";
				VALIDATE_PRODUCT = YES;
			};
			name = Release;
		};
		ADD5408A23A1F81C00E27A1A /* Debug */ = {
			isa = XCBuildConfiguration;
			buildSettings = {
				ASSETCATALOG_COMPILER_APPICON_NAME = AppIcon;
				CODE_SIGN_STYLE = Automatic;
				INFOPLIST_FILE = 191212_AutoLayOut/Info.plist;
				LD_RUNPATH_SEARCH_PATHS = (
					"$(inherited)",
					"@executable_path/Frameworks",
				);
				PRODUCT_BUNDLE_IDENTIFIER = "org.techtown.-91212-AutoLayOut";
				PRODUCT_NAME = "$(TARGET_NAME)";
				SWIFT_VERSION = 5.0;
				TARGETED_DEVICE_FAMILY = "1,2";
			};
			name = Debug;
		};
		ADD5408B23A1F81C00E27A1A /* Release */ = {
			isa = XCBuildConfiguration;
			buildSettings = {
				ASSETCATALOG_COMPILER_APPICON_NAME = AppIcon;
				CODE_SIGN_STYLE = Automatic;
				INFOPLIST_FILE = 191212_AutoLayOut/Info.plist;
				LD_RUNPATH_SEARCH_PATHS = (
					"$(inherited)",
					"@executable_path/Frameworks",
				);
				PRODUCT_BUNDLE_IDENTIFIER = "org.techtown.-91212-AutoLayOut";
				PRODUCT_NAME = "$(TARGET_NAME)";
				SWIFT_VERSION = 5.0;
				TARGETED_DEVICE_FAMILY = "1,2";
			};
			name = Release;
		};
/* End XCBuildConfiguration section */

/* Begin XCConfigurationList section */
		ADD5407023A1F81700E27A1A /* Build configuration list for PBXProject "191212_AutoLayOut" */ = {
			isa = XCConfigurationList;
			buildConfigurations = (
				ADD5408723A1F81C00E27A1A /* Debug */,
				ADD5408823A1F81C00E27A1A /* Release */,
			);
			defaultConfigurationIsVisible = 0;
			defaultConfigurationName = Release;
		};
		ADD5408923A1F81C00E27A1A /* Build configuration list for PBXNativeTarget "191212_AutoLayOut" */ = {
			isa = XCConfigurationList;
			buildConfigurations = (
				ADD5408A23A1F81C00E27A1A /* Debug */,
				ADD5408B23A1F81C00E27A1A /* Release */,
			);
			defaultConfigurationIsVisible = 0;
			defaultConfigurationName = Release;
		};
/* End XCConfigurationList section */
	};
	rootObject = ADD5406D23A1F81700E27A1A /* Project object */;
}
